// !$*UTF8*$!
{
	archiveVersion = 1;
	classes = {
	};
	objectVersion = 46;
	objects = {

/* Begin PBXBuildFile section */
		6327A9271D24D5FE005AD3DA /* TableViewCell.m in Sources */ = {isa = PBXBuildFile; fileRef = 6327A9251D24D5FE005AD3DA /* TableViewCell.m */; };
		6327A9281D24D5FE005AD3DA /* TableViewCell.xib in Resources */ = {isa = PBXBuildFile; fileRef = 6327A9261D24D5FE005AD3DA /* TableViewCell.xib */; };
		6327A9701D251338005AD3DA /* TableViewCustomCell.xib in Resources */ = {isa = PBXBuildFile; fileRef = 6327A96F1D251338005AD3DA /* TableViewCustomCell.xib */; };
		63AFF2111D226A380049AE8D /* main.m in Sources */ = {isa = PBXBuildFile; fileRef = 63AFF2101D226A380049AE8D /* main.m */; };
		63AFF2141D226A380049AE8D /* AppDelegate.m in Sources */ = {isa = PBXBuildFile; fileRef = 63AFF2131D226A380049AE8D /* AppDelegate.m */; };
		63AFF21A1D226A380049AE8D /* Main.storyboard in Resources */ = {isa = PBXBuildFile; fileRef = 63AFF2181D226A380049AE8D /* Main.storyboard */; };
		63AFF21C1D226A380049AE8D /* Assets.xcassets in Resources */ = {isa = PBXBuildFile; fileRef = 63AFF21B1D226A380049AE8D /* Assets.xcassets */; };
		63AFF21F1D226A380049AE8D /* LaunchScreen.storyboard in Resources */ = {isa = PBXBuildFile; fileRef = 63AFF21D1D226A380049AE8D /* LaunchScreen.storyboard */; };
		63AFF22A1D226A380049AE8D /* bookManagerTests.m in Sources */ = {isa = PBXBuildFile; fileRef = 63AFF2291D226A380049AE8D /* bookManagerTests.m */; };
		63AFF2351D226A380049AE8D /* bookManagerUITests.m in Sources */ = {isa = PBXBuildFile; fileRef = 63AFF2341D226A380049AE8D /* bookManagerUITests.m */; };
		63AFF2441D226A670049AE8D /* ListViewController.m in Sources */ = {isa = PBXBuildFile; fileRef = 63AFF2431D226A670049AE8D /* ListViewController.m */; };
		63AFF2471D226A6B0049AE8D /* AddViewController.m in Sources */ = {isa = PBXBuildFile; fileRef = 63AFF2461D226A6B0049AE8D /* AddViewController.m */; };
		63AFF24A1D226A710049AE8D /* EditViewController.m in Sources */ = {isa = PBXBuildFile; fileRef = 63AFF2491D226A710049AE8D /* EditViewController.m */; };
		63AFF24D1D226A7A0049AE8D /* SettingViewController.m in Sources */ = {isa = PBXBuildFile; fileRef = 63AFF24C1D226A7A0049AE8D /* SettingViewController.m */; };
		63AFF2501D226A800049AE8D /* AccountViewController.m in Sources */ = {isa = PBXBuildFile; fileRef = 63AFF24F1D226A800049AE8D /* AccountViewController.m */; };
/* End PBXBuildFile section */

/* Begin PBXContainerItemProxy section */
		63AFF2261D226A380049AE8D /* PBXContainerItemProxy */ = {
			isa = PBXContainerItemProxy;
			containerPortal = 63AFF2041D226A380049AE8D /* Project object */;
			proxyType = 1;
			remoteGlobalIDString = 63AFF20B1D226A380049AE8D;
			remoteInfo = bookManager;
		};
		63AFF2311D226A380049AE8D /* PBXContainerItemProxy */ = {
			isa = PBXContainerItemProxy;
			containerPortal = 63AFF2041D226A380049AE8D /* Project object */;
			proxyType = 1;
			remoteGlobalIDString = 63AFF20B1D226A380049AE8D;
			remoteInfo = bookManager;
		};
/* End PBXContainerItemProxy section */

/* Begin PBXFileReference section */
		6327A9241D24D5FE005AD3DA /* TableViewCell.h */ = {isa = PBXFileReference; fileEncoding = 4; lastKnownFileType = sourcecode.c.h; path = TableViewCell.h; sourceTree = "<group>"; };
		6327A9251D24D5FE005AD3DA /* TableViewCell.m */ = {isa = PBXFileReference; fileEncoding = 4; lastKnownFileType = sourcecode.c.objc; path = TableViewCell.m; sourceTree = "<group>"; };
		6327A9261D24D5FE005AD3DA /* TableViewCell.xib */ = {isa = PBXFileReference; fileEncoding = 4; lastKnownFileType = file.xib; path = TableViewCell.xib; sourceTree = "<group>"; };
		6327A96F1D251338005AD3DA /* TableViewCustomCell.xib */ = {isa = PBXFileReference; fileEncoding = 4; lastKnownFileType = file.xib; path = TableViewCustomCell.xib; sourceTree = "<group>"; };
		63AFF20C1D226A380049AE8D /* bookManager.app */ = {isa = PBXFileReference; explicitFileType = wrapper.application; includeInIndex = 0; path = bookManager.app; sourceTree = BUILT_PRODUCTS_DIR; };
		63AFF2101D226A380049AE8D /* main.m */ = {isa = PBXFileReference; lastKnownFileType = sourcecode.c.objc; path = main.m; sourceTree = "<group>"; };
		63AFF2121D226A380049AE8D /* AppDelegate.h */ = {isa = PBXFileReference; lastKnownFileType = sourcecode.c.h; path = AppDelegate.h; sourceTree = "<group>"; };
		63AFF2131D226A380049AE8D /* AppDelegate.m */ = {isa = PBXFileReference; lastKnownFileType = sourcecode.c.objc; path = AppDelegate.m; sourceTree = "<group>"; };
		63AFF2191D226A380049AE8D /* Base */ = {isa = PBXFileReference; lastKnownFileType = file.storyboard; name = Base; path = Base.lproj/Main.storyboard; sourceTree = "<group>"; };
		63AFF21B1D226A380049AE8D /* Assets.xcassets */ = {isa = PBXFileReference; lastKnownFileType = folder.assetcatalog; path = Assets.xcassets; sourceTree = "<group>"; };
		63AFF21E1D226A380049AE8D /* Base */ = {isa = PBXFileReference; lastKnownFileType = file.storyboard; name = Base; path = Base.lproj/LaunchScreen.storyboard; sourceTree = "<group>"; };
		63AFF2201D226A380049AE8D /* Info.plist */ = {isa = PBXFileReference; lastKnownFileType = text.plist.xml; path = Info.plist; sourceTree = "<group>"; };
		63AFF2251D226A380049AE8D /* bookManagerTests.xctest */ = {isa = PBXFileReference; explicitFileType = wrapper.cfbundle; includeInIndex = 0; path = bookManagerTests.xctest; sourceTree = BUILT_PRODUCTS_DIR; };
		63AFF2291D226A380049AE8D /* bookManagerTests.m */ = {isa = PBXFileReference; lastKnownFileType = sourcecode.c.objc; path = bookManagerTests.m; sourceTree = "<group>"; };
		63AFF22B1D226A380049AE8D /* Info.plist */ = {isa = PBXFileReference; lastKnownFileType = text.plist.xml; path = Info.plist; sourceTree = "<group>"; };
		63AFF2301D226A380049AE8D /* bookManagerUITests.xctest */ = {isa = PBXFileReference; explicitFileType = wrapper.cfbundle; includeInIndex = 0; path = bookManagerUITests.xctest; sourceTree = BUILT_PRODUCTS_DIR; };
		63AFF2341D226A380049AE8D /* bookManagerUITests.m */ = {isa = PBXFileReference; lastKnownFileType = sourcecode.c.objc; path = bookManagerUITests.m; sourceTree = "<group>"; };
		63AFF2361D226A380049AE8D /* Info.plist */ = {isa = PBXFileReference; lastKnownFileType = text.plist.xml; path = Info.plist; sourceTree = "<group>"; };
		63AFF2421D226A670049AE8D /* ListViewController.h */ = {isa = PBXFileReference; fileEncoding = 4; lastKnownFileType = sourcecode.c.h; path = ListViewController.h; sourceTree = "<group>"; };
		63AFF2431D226A670049AE8D /* ListViewController.m */ = {isa = PBXFileReference; fileEncoding = 4; lastKnownFileType = sourcecode.c.objc; path = ListViewController.m; sourceTree = "<group>"; };
		63AFF2451D226A6B0049AE8D /* AddViewController.h */ = {isa = PBXFileReference; fileEncoding = 4; lastKnownFileType = sourcecode.c.h; path = AddViewController.h; sourceTree = "<group>"; };
		63AFF2461D226A6B0049AE8D /* AddViewController.m */ = {isa = PBXFileReference; fileEncoding = 4; lastKnownFileType = sourcecode.c.objc; path = AddViewController.m; sourceTree = "<group>"; };
		63AFF2481D226A710049AE8D /* EditViewController.h */ = {isa = PBXFileReference; fileEncoding = 4; lastKnownFileType = sourcecode.c.h; path = EditViewController.h; sourceTree = "<group>"; };
		63AFF2491D226A710049AE8D /* EditViewController.m */ = {isa = PBXFileReference; fileEncoding = 4; lastKnownFileType = sourcecode.c.objc; path = EditViewController.m; sourceTree = "<group>"; };
		63AFF24B1D226A7A0049AE8D /* SettingViewController.h */ = {isa = PBXFileReference; fileEncoding = 4; lastKnownFileType = sourcecode.c.h; path = SettingViewController.h; sourceTree = "<group>"; };
		63AFF24C1D226A7A0049AE8D /* SettingViewController.m */ = {isa = PBXFileReference; fileEncoding = 4; lastKnownFileType = sourcecode.c.objc; path = SettingViewController.m; sourceTree = "<group>"; };
		63AFF24E1D226A800049AE8D /* AccountViewController.h */ = {isa = PBXFileReference; fileEncoding = 4; lastKnownFileType = sourcecode.c.h; path = AccountViewController.h; sourceTree = "<group>"; };
		63AFF24F1D226A800049AE8D /* AccountViewController.m */ = {isa = PBXFileReference; fileEncoding = 4; lastKnownFileType = sourcecode.c.objc; path = AccountViewController.m; sourceTree = "<group>"; };
/* End PBXFileReference section */

/* Begin PBXFrameworksBuildPhase section */
		63AFF2091D226A380049AE8D /* Frameworks */ = {
			isa = PBXFrameworksBuildPhase;
			buildActionMask = 2147483647;
			files = (
			);
			runOnlyForDeploymentPostprocessing = 0;
		};
		63AFF2221D226A380049AE8D /* Frameworks */ = {
			isa = PBXFrameworksBuildPhase;
			buildActionMask = 2147483647;
			files = (
			);
			runOnlyForDeploymentPostprocessing = 0;
		};
		63AFF22D1D226A380049AE8D /* Frameworks */ = {
			isa = PBXFrameworksBuildPhase;
			buildActionMask = 2147483647;
			files = (
			);
			runOnlyForDeploymentPostprocessing = 0;
		};
/* End PBXFrameworksBuildPhase section */

/* Begin PBXGroup section */
		63AFF2031D226A380049AE8D = {
			isa = PBXGroup;
			children = (
				63AFF20E1D226A380049AE8D /* bookManager */,
				63AFF2281D226A380049AE8D /* bookManagerTests */,
				63AFF2331D226A380049AE8D /* bookManagerUITests */,
				63AFF20D1D226A380049AE8D /* Products */,
			);
			sourceTree = "<group>";
		};
		63AFF20D1D226A380049AE8D /* Products */ = {
			isa = PBXGroup;
			children = (
				63AFF20C1D226A380049AE8D /* bookManager.app */,
				63AFF2251D226A380049AE8D /* bookManagerTests.xctest */,
				63AFF2301D226A380049AE8D /* bookManagerUITests.xctest */,
			);
			name = Products;
			sourceTree = "<group>";
		};
		63AFF20E1D226A380049AE8D /* bookManager */ = {
			isa = PBXGroup;
			children = (
				63AFF2121D226A380049AE8D /* AppDelegate.h */,
				63AFF2131D226A380049AE8D /* AppDelegate.m */,
				63AFF2181D226A380049AE8D /* Main.storyboard */,
				6327A9241D24D5FE005AD3DA /* TableViewCell.h */,
				6327A96F1D251338005AD3DA /* TableViewCustomCell.xib */,
				6327A9251D24D5FE005AD3DA /* TableViewCell.m */,
				6327A9261D24D5FE005AD3DA /* TableViewCell.xib */,
				63AFF2421D226A670049AE8D /* ListViewController.h */,
				63AFF2431D226A670049AE8D /* ListViewController.m */,
				63AFF2451D226A6B0049AE8D /* AddViewController.h */,
				63AFF2461D226A6B0049AE8D /* AddViewController.m */,
				63AFF2481D226A710049AE8D /* EditViewController.h */,
				63AFF2491D226A710049AE8D /* EditViewController.m */,
				63AFF24B1D226A7A0049AE8D /* SettingViewController.h */,
				63AFF24C1D226A7A0049AE8D /* SettingViewController.m */,
				63AFF24E1D226A800049AE8D /* AccountViewController.h */,
				63AFF24F1D226A800049AE8D /* AccountViewController.m */,
				63AFF21B1D226A380049AE8D /* Assets.xcassets */,
				63AFF21D1D226A380049AE8D /* LaunchScreen.storyboard */,
				63AFF2201D226A380049AE8D /* Info.plist */,
				63AFF20F1D226A380049AE8D /* Supporting Files */,
			);
			path = bookManager;
			sourceTree = "<group>";
		};
		63AFF20F1D226A380049AE8D /* Supporting Files */ = {
			isa = PBXGroup;
			children = (
				63AFF2101D226A380049AE8D /* main.m */,
			);
			name = "Supporting Files";
			sourceTree = "<group>";
		};
		63AFF2281D226A380049AE8D /* bookManagerTests */ = {
			isa = PBXGroup;
			children = (
				63AFF2291D226A380049AE8D /* bookManagerTests.m */,
				63AFF22B1D226A380049AE8D /* Info.plist */,
			);
			path = bookManagerTests;
			sourceTree = "<group>";
		};
		63AFF2331D226A380049AE8D /* bookManagerUITests */ = {
			isa = PBXGroup;
			children = (
				63AFF2341D226A380049AE8D /* bookManagerUITests.m */,
				63AFF2361D226A380049AE8D /* Info.plist */,
			);
			path = bookManagerUITests;
			sourceTree = "<group>";
		};
/* End PBXGroup section */

/* Begin PBXNativeTarget section */
		63AFF20B1D226A380049AE8D /* bookManager */ = {
			isa = PBXNativeTarget;
			buildConfigurationList = 63AFF2391D226A380049AE8D /* Build configuration list for PBXNativeTarget "bookManager" */;
			buildPhases = (
				63AFF2081D226A380049AE8D /* Sources */,
				63AFF2091D226A380049AE8D /* Frameworks */,
				63AFF20A1D226A380049AE8D /* Resources */,
			);
			buildRules = (
			);
			dependencies = (
			);
			name = bookManager;
			productName = bookManager;
			productReference = 63AFF20C1D226A380049AE8D /* bookManager.app */;
			productType = "com.apple.product-type.application";
		};
		63AFF2241D226A380049AE8D /* bookManagerTests */ = {
			isa = PBXNativeTarget;
			buildConfigurationList = 63AFF23C1D226A380049AE8D /* Build configuration list for PBXNativeTarget "bookManagerTests" */;
			buildPhases = (
				63AFF2211D226A380049AE8D /* Sources */,
				63AFF2221D226A380049AE8D /* Frameworks */,
				63AFF2231D226A380049AE8D /* Resources */,
			);
			buildRules = (
			);
			dependencies = (
				63AFF2271D226A380049AE8D /* PBXTargetDependency */,
			);
			name = bookManagerTests;
			productName = bookManagerTests;
			productReference = 63AFF2251D226A380049AE8D /* bookManagerTests.xctest */;
			productType = "com.apple.product-type.bundle.unit-test";
		};
		63AFF22F1D226A380049AE8D /* bookManagerUITests */ = {
			isa = PBXNativeTarget;
			buildConfigurationList = 63AFF23F1D226A380049AE8D /* Build configuration list for PBXNativeTarget "bookManagerUITests" */;
			buildPhases = (
				63AFF22C1D226A380049AE8D /* Sources */,
				63AFF22D1D226A380049AE8D /* Frameworks */,
				63AFF22E1D226A380049AE8D /* Resources */,
			);
			buildRules = (
			);
			dependencies = (
				63AFF2321D226A380049AE8D /* PBXTargetDependency */,
			);
			name = bookManagerUITests;
			productName = bookManagerUITests;
			productReference = 63AFF2301D226A380049AE8D /* bookManagerUITests.xctest */;
			productType = "com.apple.product-type.bundle.ui-testing";
		};
/* End PBXNativeTarget section */

/* Begin PBXProject section */
		63AFF2041D226A380049AE8D /* Project object */ = {
			isa = PBXProject;
			attributes = {
				LastUpgradeCheck = 0730;
				ORGANIZATIONNAME = inouenaoto;
				TargetAttributes = {
					63AFF20B1D226A380049AE8D = {
						CreatedOnToolsVersion = 7.3.1;
					};
					63AFF2241D226A380049AE8D = {
						CreatedOnToolsVersion = 7.3.1;
						TestTargetID = 63AFF20B1D226A380049AE8D;
					};
					63AFF22F1D226A380049AE8D = {
						CreatedOnToolsVersion = 7.3.1;
						TestTargetID = 63AFF20B1D226A380049AE8D;
					};
				};
			};
			buildConfigurationList = 63AFF2071D226A380049AE8D /* Build configuration list for PBXProject "bookManager" */;
			compatibilityVersion = "Xcode 3.2";
			developmentRegion = English;
			hasScannedForEncodings = 0;
			knownRegions = (
				en,
				Base,
			);
			mainGroup = 63AFF2031D226A380049AE8D;
			productRefGroup = 63AFF20D1D226A380049AE8D /* Products */;
			projectDirPath = "";
			projectRoot = "";
			targets = (
				63AFF20B1D226A380049AE8D /* bookManager */,
				63AFF2241D226A380049AE8D /* bookManagerTests */,
				63AFF22F1D226A380049AE8D /* bookManagerUITests */,
			);
		};
/* End PBXProject section */

/* Begin PBXResourcesBuildPhase section */
		63AFF20A1D226A380049AE8D /* Resources */ = {
			isa = PBXResourcesBuildPhase;
			buildActionMask = 2147483647;
			files = (
				63AFF21F1D226A380049AE8D /* LaunchScreen.storyboard in Resources */,
				6327A9701D251338005AD3DA /* TableViewCustomCell.xib in Resources */,
				6327A9281D24D5FE005AD3DA /* TableViewCell.xib in Resources */,
				63AFF21C1D226A380049AE8D /* Assets.xcassets in Resources */,
				63AFF21A1D226A380049AE8D /* Main.storyboard in Resources */,
			);
			runOnlyForDeploymentPostprocessing = 0;
		};
		63AFF2231D226A380049AE8D /* Resources */ = {
			isa = PBXResourcesBuildPhase;
			buildActionMask = 2147483647;
			files = (
			);
			runOnlyForDeploymentPostprocessing = 0;
		};
		63AFF22E1D226A380049AE8D /* Resources */ = {
			isa = PBXResourcesBuildPhase;
			buildActionMask = 2147483647;
			files = (
			);
			runOnlyForDeploymentPostprocessing = 0;
		};
/* End PBXResourcesBuildPhase section */

/* Begin PBXSourcesBuildPhase section */
		63AFF2081D226A380049AE8D /* Sources */ = {
			isa = PBXSourcesBuildPhase;
			buildActionMask = 2147483647;
			files = (
				63AFF2141D226A380049AE8D /* AppDelegate.m in Sources */,
				63AFF2111D226A380049AE8D /* main.m in Sources */,
				63AFF2501D226A800049AE8D /* AccountViewController.m in Sources */,
				63AFF2471D226A6B0049AE8D /* AddViewController.m in Sources */,
				63AFF2441D226A670049AE8D /* ListViewController.m in Sources */,
				6327A9271D24D5FE005AD3DA /* TableViewCell.m in Sources */,
				63AFF24A1D226A710049AE8D /* EditViewController.m in Sources */,
				63AFF24D1D226A7A0049AE8D /* SettingViewController.m in Sources */,
			);
			runOnlyForDeploymentPostprocessing = 0;
		};
		63AFF2211D226A380049AE8D /* Sources */ = {
			isa = PBXSourcesBuildPhase;
			buildActionMask = 2147483647;
			files = (
				63AFF22A1D226A380049AE8D /* bookManagerTests.m in Sources */,
			);
			runOnlyForDeploymentPostprocessing = 0;
		};
		63AFF22C1D226A380049AE8D /* Sources */ = {
			isa = PBXSourcesBuildPhase;
			buildActionMask = 2147483647;
			files = (
				63AFF2351D226A380049AE8D /* bookManagerUITests.m in Sources */,
			);
			runOnlyForDeploymentPostprocessing = 0;
		};
/* End PBXSourcesBuildPhase section */

/* Begin PBXTargetDependency section */
		63AFF2271D226A380049AE8D /* PBXTargetDependency */ = {
			isa = PBXTargetDependency;
			target = 63AFF20B1D226A380049AE8D /* bookManager */;
			targetProxy = 63AFF2261D226A380049AE8D /* PBXContainerItemProxy */;
		};
		63AFF2321D226A380049AE8D /* PBXTargetDependency */ = {
			isa = PBXTargetDependency;
			target = 63AFF20B1D226A380049AE8D /* bookManager */;
			targetProxy = 63AFF2311D226A380049AE8D /* PBXContainerItemProxy */;
		};
/* End PBXTargetDependency section */

/* Begin PBXVariantGroup section */
		63AFF2181D226A380049AE8D /* Main.storyboard */ = {
			isa = PBXVariantGroup;
			children = (
				63AFF2191D226A380049AE8D /* Base */,
			);
			name = Main.storyboard;
			sourceTree = "<group>";
		};
		63AFF21D1D226A380049AE8D /* LaunchScreen.storyboard */ = {
			isa = PBXVariantGroup;
			children = (
				63AFF21E1D226A380049AE8D /* Base */,
			);
			name = LaunchScreen.storyboard;
			sourceTree = "<group>";
		};
/* End PBXVariantGroup section */

/* Begin XCBuildConfiguration section */
		63AFF2371D226A380049AE8D /* Debug */ = {
			isa = XCBuildConfiguration;
			buildSettings = {
				ALWAYS_SEARCH_USER_PATHS = NO;
				CLANG_ANALYZER_NONNULL = YES;
				CLANG_CXX_LANGUAGE_STANDARD = "gnu++0x";
				CLANG_CXX_LIBRARY = "libc++";
				CLANG_ENABLE_MODULES = YES;
				CLANG_ENABLE_OBJC_ARC = YES;
				CLANG_WARN_BOOL_CONVERSION = YES;
				CLANG_WARN_CONSTANT_CONVERSION = YES;
				CLANG_WARN_DIRECT_OBJC_ISA_USAGE = YES_ERROR;
				CLANG_WARN_EMPTY_BODY = YES;
				CLANG_WARN_ENUM_CONVERSION = YES;
				CLANG_WARN_INT_CONVERSION = YES;
				CLANG_WARN_OBJC_ROOT_CLASS = YES_ERROR;
				CLANG_WARN_UNREACHABLE_CODE = YES;
				CLANG_WARN__DUPLICATE_METHOD_MATCH = YES;
				"CODE_SIGN_IDENTITY[sdk=iphoneos*]" = "iPhone Developer";
				COPY_PHASE_STRIP = NO;
				DEBUG_INFORMATION_FORMAT = dwarf;
				ENABLE_STRICT_OBJC_MSGSEND = YES;
				ENABLE_TESTABILITY = YES;
				GCC_C_LANGUAGE_STANDARD = gnu99;
				GCC_DYNAMIC_NO_PIC = NO;
				GCC_NO_COMMON_BLOCKS = YES;
				GCC_OPTIMIZATION_LEVEL = 0;
				GCC_PREPROCESSOR_DEFINITIONS = (
					"DEBUG=1",
					"$(inherited)",
				);
				GCC_WARN_64_TO_32_BIT_CONVERSION = YES;
				GCC_WARN_ABOUT_RETURN_TYPE = YES_ERROR;
				GCC_WARN_UNDECLARED_SELECTOR = YES;
				GCC_WARN_UNINITIALIZED_AUTOS = YES_AGGRESSIVE;
				GCC_WARN_UNUSED_FUNCTION = YES;
				GCC_WARN_UNUSED_VARIABLE = YES;
				IPHONEOS_DEPLOYMENT_TARGET = 9.3;
				MTL_ENABLE_DEBUG_INFO = YES;
				ONLY_ACTIVE_ARCH = YES;
				SDKROOT = iphoneos;
				TARGETED_DEVICE_FAMILY = "1,2";
			};
			name = Debug;
		};
		63AFF2381D226A380049AE8D /* Release */ = {
			isa = XCBuildConfiguration;
			buildSettings = {
				ALWAYS_SEARCH_USER_PATHS = NO;
				CLANG_ANALYZER_NONNULL = YES;
				CLANG_CXX_LANGUAGE_STANDARD = "gnu++0x";
				CLANG_CXX_LIBRARY = "libc++";
				CLANG_ENABLE_MODULES = YES;
				CLANG_ENABLE_OBJC_ARC = YES;
				CLANG_WARN_BOOL_CONVERSION = YES;
				CLANG_WARN_CONSTANT_CONVERSION = YES;
				CLANG_WARN_DIRECT_OBJC_ISA_USAGE = YES_ERROR;
				CLANG_WARN_EMPTY_BODY = YES;
				CLANG_WARN_ENUM_CONVERSION = YES;
				CLANG_WARN_INT_CONVERSION = YES;
				CLANG_WARN_OBJC_ROOT_CLASS = YES_ERROR;
				CLANG_WARN_UNREACHABLE_CODE = YES;
				CLANG_WARN__DUPLICATE_METHOD_MATCH = YES;
				"CODE_SIGN_IDENTITY[sdk=iphoneos*]" = "iPhone Developer";
				COPY_PHASE_STRIP = NO;
				DEBUG_INFORMATION_FORMAT = "dwarf-with-dsym";
				ENABLE_NS_ASSERTIONS = NO;
				ENABLE_STRICT_OBJC_MSGSEND = YES;
				GCC_C_LANGUAGE_STANDARD = gnu99;
				GCC_NO_COMMON_BLOCKS = YES;
				GCC_WARN_64_TO_32_BIT_CONVERSION = YES;
				GCC_WARN_ABOUT_RETURN_TYPE = YES_ERROR;
				GCC_WARN_UNDECLARED_SELECTOR = YES;
				GCC_WARN_UNINITIALIZED_AUTOS = YES_AGGRESSIVE;
				GCC_WARN_UNUSED_FUNCTION = YES;
				GCC_WARN_UNUSED_VARIABLE = YES;
				IPHONEOS_DEPLOYMENT_TARGET = 9.3;
				MTL_ENABLE_DEBUG_INFO = NO;
				SDKROOT = iphoneos;
				TARGETED_DEVICE_FAMILY = "1,2";
				VALIDATE_PRODUCT = YES;
			};
			name = Release;
		};
		63AFF23A1D226A380049AE8D /* Debug */ = {
			isa = XCBuildConfiguration;
			buildSettings = {
				ASSETCATALOG_COMPILER_APPICON_NAME = AppIcon;
				INFOPLIST_FILE = bookManager/Info.plist;
				LD_RUNPATH_SEARCH_PATHS = "$(inherited) @executable_path/Frameworks";
				PRODUCT_BUNDLE_IDENTIFIER = c.bookManager;
				PRODUCT_NAME = "$(TARGET_NAME)";
			};
			name = Debug;
		};
		63AFF23B1D226A380049AE8D /* Release */ = {
			isa = XCBuildConfiguration;
			buildSettings = {
				ASSETCATALOG_COMPILER_APPICON_NAME = AppIcon;
				INFOPLIST_FILE = bookManager/Info.plist;
				LD_RUNPATH_SEARCH_PATHS = "$(inherited) @executable_path/Frameworks";
				PRODUCT_BUNDLE_IDENTIFIER = c.bookManager;
				PRODUCT_NAME = "$(TARGET_NAME)";
			};
			name = Release;
		};
		63AFF23D1D226A380049AE8D /* Debug */ = {
			isa = XCBuildConfiguration;
			buildSettings = {
				BUNDLE_LOADER = "$(TEST_HOST)";
				INFOPLIST_FILE = bookManagerTests/Info.plist;
				LD_RUNPATH_SEARCH_PATHS = "$(inherited) @executable_path/Frameworks @loader_path/Frameworks";
				PRODUCT_BUNDLE_IDENTIFIER = c.bookManagerTests;
				PRODUCT_NAME = "$(TARGET_NAME)";
				TEST_HOST = "$(BUILT_PRODUCTS_DIR)/bookManager.app/bookManager";
			};
			name = Debug;
		};
		63AFF23E1D226A380049AE8D /* Release */ = {
			isa = XCBuildConfiguration;
			buildSettings = {
				BUNDLE_LOADER = "$(TEST_HOST)";
				INFOPLIST_FILE = bookManagerTests/Info.plist;
				LD_RUNPATH_SEARCH_PATHS = "$(inherited) @executable_path/Frameworks @loader_path/Frameworks";
				PRODUCT_BUNDLE_IDENTIFIER = c.bookManagerTests;
				PRODUCT_NAME = "$(TARGET_NAME)";
				TEST_HOST = "$(BUILT_PRODUCTS_DIR)/bookManager.app/bookManager";
			};
			name = Release;
		};
		63AFF2401D226A380049AE8D /* Debug */ = {
			isa = XCBuildConfiguration;
			buildSettings = {
				INFOPLIST_FILE = bookManagerUITests/Info.plist;
				LD_RUNPATH_SEARCH_PATHS = "$(inherited) @executable_path/Frameworks @loader_path/Frameworks";
				PRODUCT_BUNDLE_IDENTIFIER = c.bookManagerUITests;
				PRODUCT_NAME = "$(TARGET_NAME)";
				TEST_TARGET_NAME = bookManager;
			};
			name = Debug;
		};
		63AFF2411D226A380049AE8D /* Release */ = {
			isa = XCBuildConfiguration;
			buildSettings = {
				INFOPLIST_FILE = bookManagerUITests/Info.plist;
				LD_RUNPATH_SEARCH_PATHS = "$(inherited) @executable_path/Frameworks @loader_path/Frameworks";
				PRODUCT_BUNDLE_IDENTIFIER = c.bookManagerUITests;
				PRODUCT_NAME = "$(TARGET_NAME)";
				TEST_TARGET_NAME = bookManager;
			};
			name = Release;
		};
/* End XCBuildConfiguration section */

/* Begin XCConfigurationList section */
		63AFF2071D226A380049AE8D /* Build configuration list for PBXProject "bookManager" */ = {
			isa = XCConfigurationList;
			buildConfigurations = (
				63AFF2371D226A380049AE8D /* Debug */,
				63AFF2381D226A380049AE8D /* Release */,
			);
			defaultConfigurationIsVisible = 0;
			defaultConfigurationName = Release;
		};
		63AFF2391D226A380049AE8D /* Build configuration list for PBXNativeTarget "bookManager" */ = {
			isa = XCConfigurationList;
			buildConfigurations = (
				63AFF23A1D226A380049AE8D /* Debug */,
				63AFF23B1D226A380049AE8D /* Release */,
			);
			defaultConfigurationIsVisible = 0;
			defaultConfigurationName = Release;
		};
		63AFF23C1D226A380049AE8D /* Build configuration list for PBXNativeTarget "bookManagerTests" */ = {
			isa = XCConfigurationList;
			buildConfigurations = (
				63AFF23D1D226A380049AE8D /* Debug */,
				63AFF23E1D226A380049AE8D /* Release */,
			);
			defaultConfigurationIsVisible = 0;
			defaultConfigurationName = Release;
		};
		63AFF23F1D226A380049AE8D /* Build configuration list for PBXNativeTarget "bookManagerUITests" */ = {
			isa = XCConfigurationList;
			buildConfigurations = (
				63AFF2401D226A380049AE8D /* Debug */,
				63AFF2411D226A380049AE8D /* Release */,
			);
			defaultConfigurationIsVisible = 0;
			defaultConfigurationName = Release;
		};
/* End XCConfigurationList section */
	};
	rootObject = 63AFF2041D226A380049AE8D /* Project object */;
}
