// !$*UTF8*$!
{
	archiveVersion = 1;
	classes = {
	};
	objectVersion = 46;
	objects = {

/* Begin PBXBuildFile section */
		630EA4371D2808AE000AA9E9 /* main.m in Sources */ = {isa = PBXBuildFile; fileRef = 630EA4361D2808AE000AA9E9 /* main.m */; };
		630EA43A1D2808AE000AA9E9 /* AppDelegate.m in Sources */ = {isa = PBXBuildFile; fileRef = 630EA4391D2808AE000AA9E9 /* AppDelegate.m */; };
		630EA4401D2808AE000AA9E9 /* Main.storyboard in Resources */ = {isa = PBXBuildFile; fileRef = 630EA43E1D2808AE000AA9E9 /* Main.storyboard */; };
		630EA4421D2808AE000AA9E9 /* Assets.xcassets in Resources */ = {isa = PBXBuildFile; fileRef = 630EA4411D2808AE000AA9E9 /* Assets.xcassets */; };
		630EA4451D2808AE000AA9E9 /* LaunchScreen.storyboard in Resources */ = {isa = PBXBuildFile; fileRef = 630EA4431D2808AE000AA9E9 /* LaunchScreen.storyboard */; };
		630EA4501D2808AE000AA9E9 /* bookManagerTests.m in Sources */ = {isa = PBXBuildFile; fileRef = 630EA44F1D2808AE000AA9E9 /* bookManagerTests.m */; };
		630EA45B1D2808AE000AA9E9 /* bookManagerUITests.m in Sources */ = {isa = PBXBuildFile; fileRef = 630EA45A1D2808AE000AA9E9 /* bookManagerUITests.m */; };
		630EA46A1D28093D000AA9E9 /* ListTableViewController.m in Sources */ = {isa = PBXBuildFile; fileRef = 630EA4691D28093D000AA9E9 /* ListTableViewController.m */; };
		630EA4701D28098D000AA9E9 /* EditViewController.m in Sources */ = {isa = PBXBuildFile; fileRef = 630EA46F1D28098D000AA9E9 /* EditViewController.m */; };
		630EA4761D281052000AA9E9 /* AddViewController.m in Sources */ = {isa = PBXBuildFile; fileRef = 630EA4751D281052000AA9E9 /* AddViewController.m */; };
		630EA47C1D281062000AA9E9 /* SettingViewController.m in Sources */ = {isa = PBXBuildFile; fileRef = 630EA47B1D281062000AA9E9 /* SettingViewController.m */; };
		630EA47F1D281068000AA9E9 /* AccountViewController.m in Sources */ = {isa = PBXBuildFile; fileRef = 630EA47E1D281068000AA9E9 /* AccountViewController.m */; };
		630EA4811D282D64000AA9E9 /* book_sample.jpg in Resources */ = {isa = PBXBuildFile; fileRef = 630EA4801D282D64000AA9E9 /* book_sample.jpg */; };
		633BFB341D2B9E7A00D6F8A3 /* customtab_button.m in Sources */ = {isa = PBXBuildFile; fileRef = 633BFB331D2B9E7A00D6F8A3 /* customtab_button.m */; };
		633BFB431D2BA7AF00D6F8A3 /* tab_bar_selected.jpg in Resources */ = {isa = PBXBuildFile; fileRef = 633BFB411D2BA7AF00D6F8A3 /* tab_bar_selected.jpg */; };
		633BFB441D2BA7AF00D6F8A3 /* tabbar_item.png in Resources */ = {isa = PBXBuildFile; fileRef = 633BFB421D2BA7AF00D6F8A3 /* tabbar_item.png */; };
		633BFB481D2BEA2B00D6F8A3 /* sample_sellTableViewCell.m in Sources */ = {isa = PBXBuildFile; fileRef = 633BFB461D2BEA2B00D6F8A3 /* sample_sellTableViewCell.m */; };
		633BFB491D2BEA2B00D6F8A3 /* sample_sellTableViewCell.xib in Resources */ = {isa = PBXBuildFile; fileRef = 633BFB471D2BEA2B00D6F8A3 /* sample_sellTableViewCell.xib */; };
		63DC74D31D290B9D0012159F /* ListTableCell.m in Sources */ = {isa = PBXBuildFile; fileRef = 63DC74D21D290B9D0012159F /* ListTableCell.m */; };
		63DC74D51D290BAF0012159F /* ListTableCell.xib in Resources */ = {isa = PBXBuildFile; fileRef = 63DC74D41D290BAF0012159F /* ListTableCell.xib */; };
/* End PBXBuildFile section */

/* Begin PBXContainerItemProxy section */
		630EA44C1D2808AE000AA9E9 /* PBXContainerItemProxy */ = {
			isa = PBXContainerItemProxy;
			containerPortal = 630EA42A1D2808AE000AA9E9 /* Project object */;
			proxyType = 1;
			remoteGlobalIDString = 630EA4311D2808AE000AA9E9;
			remoteInfo = bookManager;
		};
		630EA4571D2808AE000AA9E9 /* PBXContainerItemProxy */ = {
			isa = PBXContainerItemProxy;
			containerPortal = 630EA42A1D2808AE000AA9E9 /* Project object */;
			proxyType = 1;
			remoteGlobalIDString = 630EA4311D2808AE000AA9E9;
			remoteInfo = bookManager;
		};
/* End PBXContainerItemProxy section */

/* Begin PBXFileReference section */
		630EA4321D2808AE000AA9E9 /* bookManager.app */ = {isa = PBXFileReference; explicitFileType = wrapper.application; includeInIndex = 0; path = bookManager.app; sourceTree = BUILT_PRODUCTS_DIR; };
		630EA4361D2808AE000AA9E9 /* main.m */ = {isa = PBXFileReference; lastKnownFileType = sourcecode.c.objc; path = main.m; sourceTree = "<group>"; };
		630EA4381D2808AE000AA9E9 /* AppDelegate.h */ = {isa = PBXFileReference; lastKnownFileType = sourcecode.c.h; path = AppDelegate.h; sourceTree = "<group>"; };
		630EA4391D2808AE000AA9E9 /* AppDelegate.m */ = {isa = PBXFileReference; lastKnownFileType = sourcecode.c.objc; path = AppDelegate.m; sourceTree = "<group>"; };
		630EA43F1D2808AE000AA9E9 /* Base */ = {isa = PBXFileReference; lastKnownFileType = file.storyboard; name = Base; path = Base.lproj/Main.storyboard; sourceTree = "<group>"; };
		630EA4411D2808AE000AA9E9 /* Assets.xcassets */ = {isa = PBXFileReference; lastKnownFileType = folder.assetcatalog; path = Assets.xcassets; sourceTree = "<group>"; };
		630EA4441D2808AE000AA9E9 /* Base */ = {isa = PBXFileReference; lastKnownFileType = file.storyboard; name = Base; path = Base.lproj/LaunchScreen.storyboard; sourceTree = "<group>"; };
		630EA4461D2808AE000AA9E9 /* Info.plist */ = {isa = PBXFileReference; lastKnownFileType = text.plist.xml; path = Info.plist; sourceTree = "<group>"; };
		630EA44B1D2808AE000AA9E9 /* bookManagerTests.xctest */ = {isa = PBXFileReference; explicitFileType = wrapper.cfbundle; includeInIndex = 0; path = bookManagerTests.xctest; sourceTree = BUILT_PRODUCTS_DIR; };
		630EA44F1D2808AE000AA9E9 /* bookManagerTests.m */ = {isa = PBXFileReference; lastKnownFileType = sourcecode.c.objc; path = bookManagerTests.m; sourceTree = "<group>"; };
		630EA4511D2808AE000AA9E9 /* Info.plist */ = {isa = PBXFileReference; lastKnownFileType = text.plist.xml; path = Info.plist; sourceTree = "<group>"; };
		630EA4561D2808AE000AA9E9 /* bookManagerUITests.xctest */ = {isa = PBXFileReference; explicitFileType = wrapper.cfbundle; includeInIndex = 0; path = bookManagerUITests.xctest; sourceTree = BUILT_PRODUCTS_DIR; };
		630EA45A1D2808AE000AA9E9 /* bookManagerUITests.m */ = {isa = PBXFileReference; lastKnownFileType = sourcecode.c.objc; path = bookManagerUITests.m; sourceTree = "<group>"; };
		630EA45C1D2808AE000AA9E9 /* Info.plist */ = {isa = PBXFileReference; lastKnownFileType = text.plist.xml; path = Info.plist; sourceTree = "<group>"; };
		630EA4681D28093D000AA9E9 /* ListTableViewController.h */ = {isa = PBXFileReference; fileEncoding = 4; lastKnownFileType = sourcecode.c.h; path = ListTableViewController.h; sourceTree = "<group>"; };
		630EA4691D28093D000AA9E9 /* ListTableViewController.m */ = {isa = PBXFileReference; fileEncoding = 4; lastKnownFileType = sourcecode.c.objc; path = ListTableViewController.m; sourceTree = "<group>"; };
		630EA46E1D28098D000AA9E9 /* EditViewController.h */ = {isa = PBXFileReference; fileEncoding = 4; lastKnownFileType = sourcecode.c.h; path = EditViewController.h; sourceTree = "<group>"; };
		630EA46F1D28098D000AA9E9 /* EditViewController.m */ = {isa = PBXFileReference; fileEncoding = 4; lastKnownFileType = sourcecode.c.objc; path = EditViewController.m; sourceTree = "<group>"; };
		630EA4741D281052000AA9E9 /* AddViewController.h */ = {isa = PBXFileReference; fileEncoding = 4; lastKnownFileType = sourcecode.c.h; name = AddViewController.h; path = ../AddViewController.h; sourceTree = "<group>"; };
		630EA4751D281052000AA9E9 /* AddViewController.m */ = {isa = PBXFileReference; fileEncoding = 4; lastKnownFileType = sourcecode.c.objc; name = AddViewController.m; path = ../AddViewController.m; sourceTree = "<group>"; };
		630EA47A1D281062000AA9E9 /* SettingViewController.h */ = {isa = PBXFileReference; fileEncoding = 4; lastKnownFileType = sourcecode.c.h; name = SettingViewController.h; path = ../SettingViewController.h; sourceTree = "<group>"; };
		630EA47B1D281062000AA9E9 /* SettingViewController.m */ = {isa = PBXFileReference; fileEncoding = 4; lastKnownFileType = sourcecode.c.objc; name = SettingViewController.m; path = ../SettingViewController.m; sourceTree = "<group>"; };
		630EA47D1D281068000AA9E9 /* AccountViewController.h */ = {isa = PBXFileReference; fileEncoding = 4; lastKnownFileType = sourcecode.c.h; name = AccountViewController.h; path = ../AccountViewController.h; sourceTree = "<group>"; };
		630EA47E1D281068000AA9E9 /* AccountViewController.m */ = {isa = PBXFileReference; fileEncoding = 4; lastKnownFileType = sourcecode.c.objc; name = AccountViewController.m; path = ../AccountViewController.m; sourceTree = "<group>"; };
		630EA4801D282D64000AA9E9 /* book_sample.jpg */ = {isa = PBXFileReference; lastKnownFileType = image.jpeg; path = book_sample.jpg; sourceTree = SOURCE_ROOT; };
		633BFB321D2B9E7A00D6F8A3 /* customtab_button.h */ = {isa = PBXFileReference; fileEncoding = 4; lastKnownFileType = sourcecode.c.h; name = customtab_button.h; path = ../customtab_button.h; sourceTree = "<group>"; };
		633BFB331D2B9E7A00D6F8A3 /* customtab_button.m */ = {isa = PBXFileReference; fileEncoding = 4; lastKnownFileType = sourcecode.c.objc; name = customtab_button.m; path = ../customtab_button.m; sourceTree = "<group>"; };
		633BFB411D2BA7AF00D6F8A3 /* tab_bar_selected.jpg */ = {isa = PBXFileReference; lastKnownFileType = image.jpeg; name = tab_bar_selected.jpg; path = ../../../../.Trash/tab_bar_selected.jpg; sourceTree = "<group>"; };
		633BFB421D2BA7AF00D6F8A3 /* tabbar_item.png */ = {isa = PBXFileReference; lastKnownFileType = image.png; name = tabbar_item.png; path = ../../../../.Trash/tabbar_item.png; sourceTree = "<group>"; };
		633BFB451D2BEA2B00D6F8A3 /* sample_sellTableViewCell.h */ = {isa = PBXFileReference; fileEncoding = 4; lastKnownFileType = sourcecode.c.h; path = sample_sellTableViewCell.h; sourceTree = "<group>"; };
		633BFB461D2BEA2B00D6F8A3 /* sample_sellTableViewCell.m */ = {isa = PBXFileReference; fileEncoding = 4; lastKnownFileType = sourcecode.c.objc; path = sample_sellTableViewCell.m; sourceTree = "<group>"; };
		633BFB471D2BEA2B00D6F8A3 /* sample_sellTableViewCell.xib */ = {isa = PBXFileReference; fileEncoding = 4; lastKnownFileType = file.xib; path = sample_sellTableViewCell.xib; sourceTree = "<group>"; };
		63DC74D11D290B9D0012159F /* ListTableCell.h */ = {isa = PBXFileReference; fileEncoding = 4; lastKnownFileType = sourcecode.c.h; path = ListTableCell.h; sourceTree = "<group>"; };
		63DC74D21D290B9D0012159F /* ListTableCell.m */ = {isa = PBXFileReference; fileEncoding = 4; lastKnownFileType = sourcecode.c.objc; path = ListTableCell.m; sourceTree = "<group>"; };
		63DC74D41D290BAF0012159F /* ListTableCell.xib */ = {isa = PBXFileReference; fileEncoding = 4; lastKnownFileType = file.xib; path = ListTableCell.xib; sourceTree = "<group>"; };
/* End PBXFileReference section */

/* Begin PBXFrameworksBuildPhase section */
		630EA42F1D2808AE000AA9E9 /* Frameworks */ = {
			isa = PBXFrameworksBuildPhase;
			buildActionMask = 2147483647;
			files = (
			);
			runOnlyForDeploymentPostprocessing = 0;
		};
		630EA4481D2808AE000AA9E9 /* Frameworks */ = {
			isa = PBXFrameworksBuildPhase;
			buildActionMask = 2147483647;
			files = (
			);
			runOnlyForDeploymentPostprocessing = 0;
		};
		630EA4531D2808AE000AA9E9 /* Frameworks */ = {
			isa = PBXFrameworksBuildPhase;
			buildActionMask = 2147483647;
			files = (
			);
			runOnlyForDeploymentPostprocessing = 0;
		};
/* End PBXFrameworksBuildPhase section */

/* Begin PBXGroup section */
		630EA4291D2808AE000AA9E9 = {
			isa = PBXGroup;
			children = (
				630EA4341D2808AE000AA9E9 /* bookManager */,
				630EA44E1D2808AE000AA9E9 /* bookManagerTests */,
				630EA4591D2808AE000AA9E9 /* bookManagerUITests */,
				630EA4331D2808AE000AA9E9 /* Products */,
			);
			sourceTree = "<group>";
		};
		630EA4331D2808AE000AA9E9 /* Products */ = {
			isa = PBXGroup;
			children = (
				630EA4321D2808AE000AA9E9 /* bookManager.app */,
				630EA44B1D2808AE000AA9E9 /* bookManagerTests.xctest */,
				630EA4561D2808AE000AA9E9 /* bookManagerUITests.xctest */,
			);
			name = Products;
			sourceTree = "<group>";
		};
		630EA4341D2808AE000AA9E9 /* bookManager */ = {
			isa = PBXGroup;
			children = (
				633BFB331D2B9E7A00D6F8A3 /* customtab_button.m */,
				633BFB321D2B9E7A00D6F8A3 /* customtab_button.h */,
				630EA4741D281052000AA9E9 /* AddViewController.h */,
				630EA4751D281052000AA9E9 /* AddViewController.m */,
				630EA47A1D281062000AA9E9 /* SettingViewController.h */,
				630EA47B1D281062000AA9E9 /* SettingViewController.m */,
				630EA47D1D281068000AA9E9 /* AccountViewController.h */,
				630EA47E1D281068000AA9E9 /* AccountViewController.m */,
				630EA4381D2808AE000AA9E9 /* AppDelegate.h */,
				63DC74D11D290B9D0012159F /* ListTableCell.h */,
				63DC74D21D290B9D0012159F /* ListTableCell.m */,
				63DC74D41D290BAF0012159F /* ListTableCell.xib */,
				630EA4391D2808AE000AA9E9 /* AppDelegate.m */,
				630EA43E1D2808AE000AA9E9 /* Main.storyboard */,
				633BFB451D2BEA2B00D6F8A3 /* sample_sellTableViewCell.h */,
				633BFB461D2BEA2B00D6F8A3 /* sample_sellTableViewCell.m */,
				633BFB471D2BEA2B00D6F8A3 /* sample_sellTableViewCell.xib */,
				630EA46E1D28098D000AA9E9 /* EditViewController.h */,
				630EA46F1D28098D000AA9E9 /* EditViewController.m */,
				630EA4681D28093D000AA9E9 /* ListTableViewController.h */,
				630EA4691D28093D000AA9E9 /* ListTableViewController.m */,
				630EA4411D2808AE000AA9E9 /* Assets.xcassets */,
				630EA4431D2808AE000AA9E9 /* LaunchScreen.storyboard */,
				630EA4461D2808AE000AA9E9 /* Info.plist */,
				630EA4351D2808AE000AA9E9 /* Supporting Files */,
			);
			path = bookManager;
			sourceTree = "<group>";
		};
		630EA4351D2808AE000AA9E9 /* Supporting Files */ = {
			isa = PBXGroup;
			children = (
				633BFB421D2BA7AF00D6F8A3 /* tabbar_item.png */,
				633BFB411D2BA7AF00D6F8A3 /* tab_bar_selected.jpg */,
				630EA4801D282D64000AA9E9 /* book_sample.jpg */,
				630EA4361D2808AE000AA9E9 /* main.m */,
			);
			name = "Supporting Files";
			sourceTree = "<group>";
		};
		630EA44E1D2808AE000AA9E9 /* bookManagerTests */ = {
			isa = PBXGroup;
			children = (
				630EA44F1D2808AE000AA9E9 /* bookManagerTests.m */,
				630EA4511D2808AE000AA9E9 /* Info.plist */,
			);
			path = bookManagerTests;
			sourceTree = "<group>";
		};
		630EA4591D2808AE000AA9E9 /* bookManagerUITests */ = {
			isa = PBXGroup;
			children = (
				630EA45A1D2808AE000AA9E9 /* bookManagerUITests.m */,
				630EA45C1D2808AE000AA9E9 /* Info.plist */,
			);
			path = bookManagerUITests;
			sourceTree = "<group>";
		};
/* End PBXGroup section */

/* Begin PBXNativeTarget section */
		630EA4311D2808AE000AA9E9 /* bookManager */ = {
			isa = PBXNativeTarget;
			buildConfigurationList = 630EA45F1D2808AE000AA9E9 /* Build configuration list for PBXNativeTarget "bookManager" */;
			buildPhases = (
				630EA42E1D2808AE000AA9E9 /* Sources */,
				630EA42F1D2808AE000AA9E9 /* Frameworks */,
				630EA4301D2808AE000AA9E9 /* Resources */,
			);
			buildRules = (
			);
			dependencies = (
			);
			name = bookManager;
			productName = bookManager;
			productReference = 630EA4321D2808AE000AA9E9 /* bookManager.app */;
			productType = "com.apple.product-type.application";
		};
		630EA44A1D2808AE000AA9E9 /* bookManagerTests */ = {
			isa = PBXNativeTarget;
			buildConfigurationList = 630EA4621D2808AE000AA9E9 /* Build configuration list for PBXNativeTarget "bookManagerTests" */;
			buildPhases = (
				630EA4471D2808AE000AA9E9 /* Sources */,
				630EA4481D2808AE000AA9E9 /* Frameworks */,
				630EA4491D2808AE000AA9E9 /* Resources */,
			);
			buildRules = (
			);
			dependencies = (
				630EA44D1D2808AE000AA9E9 /* PBXTargetDependency */,
			);
			name = bookManagerTests;
			productName = bookManagerTests;
			productReference = 630EA44B1D2808AE000AA9E9 /* bookManagerTests.xctest */;
			productType = "com.apple.product-type.bundle.unit-test";
		};
		630EA4551D2808AE000AA9E9 /* bookManagerUITests */ = {
			isa = PBXNativeTarget;
			buildConfigurationList = 630EA4651D2808AE000AA9E9 /* Build configuration list for PBXNativeTarget "bookManagerUITests" */;
			buildPhases = (
				630EA4521D2808AE000AA9E9 /* Sources */,
				630EA4531D2808AE000AA9E9 /* Frameworks */,
				630EA4541D2808AE000AA9E9 /* Resources */,
			);
			buildRules = (
			);
			dependencies = (
				630EA4581D2808AE000AA9E9 /* PBXTargetDependency */,
			);
			name = bookManagerUITests;
			productName = bookManagerUITests;
			productReference = 630EA4561D2808AE000AA9E9 /* bookManagerUITests.xctest */;
			productType = "com.apple.product-type.bundle.ui-testing";
		};
/* End PBXNativeTarget section */

/* Begin PBXProject section */
		630EA42A1D2808AE000AA9E9 /* Project object */ = {
			isa = PBXProject;
			attributes = {
				LastUpgradeCheck = 0730;
				ORGANIZATIONNAME = inouenaoto;
				TargetAttributes = {
					630EA4311D2808AE000AA9E9 = {
						CreatedOnToolsVersion = 7.3.1;
					};
					630EA44A1D2808AE000AA9E9 = {
						CreatedOnToolsVersion = 7.3.1;
						TestTargetID = 630EA4311D2808AE000AA9E9;
					};
					630EA4551D2808AE000AA9E9 = {
						CreatedOnToolsVersion = 7.3.1;
						TestTargetID = 630EA4311D2808AE000AA9E9;
					};
				};
			};
			buildConfigurationList = 630EA42D1D2808AE000AA9E9 /* Build configuration list for PBXProject "bookManager" */;
			compatibilityVersion = "Xcode 3.2";
			developmentRegion = English;
			hasScannedForEncodings = 0;
			knownRegions = (
				en,
				Base,
			);
			mainGroup = 630EA4291D2808AE000AA9E9;
			productRefGroup = 630EA4331D2808AE000AA9E9 /* Products */;
			projectDirPath = "";
			projectRoot = "";
			targets = (
				630EA4311D2808AE000AA9E9 /* bookManager */,
				630EA44A1D2808AE000AA9E9 /* bookManagerTests */,
				630EA4551D2808AE000AA9E9 /* bookManagerUITests */,
			);
		};
/* End PBXProject section */

/* Begin PBXResourcesBuildPhase section */
		630EA4301D2808AE000AA9E9 /* Resources */ = {
			isa = PBXResourcesBuildPhase;
			buildActionMask = 2147483647;
			files = (
				633BFB441D2BA7AF00D6F8A3 /* tabbar_item.png in Resources */,
				633BFB491D2BEA2B00D6F8A3 /* sample_sellTableViewCell.xib in Resources */,
				633BFB431D2BA7AF00D6F8A3 /* tab_bar_selected.jpg in Resources */,
				630EA4451D2808AE000AA9E9 /* LaunchScreen.storyboard in Resources */,
				630EA4421D2808AE000AA9E9 /* Assets.xcassets in Resources */,
				63DC74D51D290BAF0012159F /* ListTableCell.xib in Resources */,
				630EA4811D282D64000AA9E9 /* book_sample.jpg in Resources */,
				630EA4401D2808AE000AA9E9 /* Main.storyboard in Resources */,
			);
			runOnlyForDeploymentPostprocessing = 0;
		};
		630EA4491D2808AE000AA9E9 /* Resources */ = {
			isa = PBXResourcesBuildPhase;
			buildActionMask = 2147483647;
			files = (
			);
			runOnlyForDeploymentPostprocessing = 0;
		};
		630EA4541D2808AE000AA9E9 /* Resources */ = {
			isa = PBXResourcesBuildPhase;
			buildActionMask = 2147483647;
			files = (
			);
			runOnlyForDeploymentPostprocessing = 0;
		};
/* End PBXResourcesBuildPhase section */

/* Begin PBXSourcesBuildPhase section */
		630EA42E1D2808AE000AA9E9 /* Sources */ = {
			isa = PBXSourcesBuildPhase;
			buildActionMask = 2147483647;
			files = (
				63DC74D31D290B9D0012159F /* ListTableCell.m in Sources */,
				630EA43A1D2808AE000AA9E9 /* AppDelegate.m in Sources */,
				630EA4371D2808AE000AA9E9 /* main.m in Sources */,
				633BFB341D2B9E7A00D6F8A3 /* customtab_button.m in Sources */,
				630EA4761D281052000AA9E9 /* AddViewController.m in Sources */,
				630EA47F1D281068000AA9E9 /* AccountViewController.m in Sources */,
				630EA46A1D28093D000AA9E9 /* ListTableViewController.m in Sources */,
				633BFB481D2BEA2B00D6F8A3 /* sample_sellTableViewCell.m in Sources */,
				630EA4701D28098D000AA9E9 /* EditViewController.m in Sources */,
				630EA47C1D281062000AA9E9 /* SettingViewController.m in Sources */,
			);
			runOnlyForDeploymentPostprocessing = 0;
		};
		630EA4471D2808AE000AA9E9 /* Sources */ = {
			isa = PBXSourcesBuildPhase;
			buildActionMask = 2147483647;
			files = (
				630EA4501D2808AE000AA9E9 /* bookManagerTests.m in Sources */,
			);
			runOnlyForDeploymentPostprocessing = 0;
		};
		630EA4521D2808AE000AA9E9 /* Sources */ = {
			isa = PBXSourcesBuildPhase;
			buildActionMask = 2147483647;
			files = (
				630EA45B1D2808AE000AA9E9 /* bookManagerUITests.m in Sources */,
			);
			runOnlyForDeploymentPostprocessing = 0;
		};
/* End PBXSourcesBuildPhase section */

/* Begin PBXTargetDependency section */
		630EA44D1D2808AE000AA9E9 /* PBXTargetDependency */ = {
			isa = PBXTargetDependency;
			target = 630EA4311D2808AE000AA9E9 /* bookManager */;
			targetProxy = 630EA44C1D2808AE000AA9E9 /* PBXContainerItemProxy */;
		};
		630EA4581D2808AE000AA9E9 /* PBXTargetDependency */ = {
			isa = PBXTargetDependency;
			target = 630EA4311D2808AE000AA9E9 /* bookManager */;
			targetProxy = 630EA4571D2808AE000AA9E9 /* PBXContainerItemProxy */;
		};
/* End PBXTargetDependency section */

/* Begin PBXVariantGroup section */
		630EA43E1D2808AE000AA9E9 /* Main.storyboard */ = {
			isa = PBXVariantGroup;
			children = (
				630EA43F1D2808AE000AA9E9 /* Base */,
			);
			name = Main.storyboard;
			sourceTree = "<group>";
		};
		630EA4431D2808AE000AA9E9 /* LaunchScreen.storyboard */ = {
			isa = PBXVariantGroup;
			children = (
				630EA4441D2808AE000AA9E9 /* Base */,
			);
			name = LaunchScreen.storyboard;
			sourceTree = "<group>";
		};
/* End PBXVariantGroup section */

/* Begin XCBuildConfiguration section */
		630EA45D1D2808AE000AA9E9 /* Debug */ = {
			isa = XCBuildConfiguration;
			buildSettings = {
				ALWAYS_SEARCH_USER_PATHS = NO;
				CLANG_ANALYZER_NONNULL = YES;
				CLANG_CXX_LANGUAGE_STANDARD = "gnu++0x";
				CLANG_CXX_LIBRARY = "libc++";
				CLANG_ENABLE_MODULES = YES;
				CLANG_ENABLE_OBJC_ARC = YES;
				CLANG_WARN_BOOL_CONVERSION = YES;
				CLANG_WARN_CONSTANT_CONVERSION = YES;
				CLANG_WARN_DIRECT_OBJC_ISA_USAGE = YES_ERROR;
				CLANG_WARN_EMPTY_BODY = YES;
				CLANG_WARN_ENUM_CONVERSION = YES;
				CLANG_WARN_INT_CONVERSION = YES;
				CLANG_WARN_OBJC_ROOT_CLASS = YES_ERROR;
				CLANG_WARN_UNREACHABLE_CODE = YES;
				CLANG_WARN__DUPLICATE_METHOD_MATCH = YES;
				"CODE_SIGN_IDENTITY[sdk=iphoneos*]" = "iPhone Developer";
				COPY_PHASE_STRIP = NO;
				DEBUG_INFORMATION_FORMAT = dwarf;
				ENABLE_STRICT_OBJC_MSGSEND = YES;
				ENABLE_TESTABILITY = YES;
				GCC_C_LANGUAGE_STANDARD = gnu99;
				GCC_DYNAMIC_NO_PIC = NO;
				GCC_NO_COMMON_BLOCKS = YES;
				GCC_OPTIMIZATION_LEVEL = 0;
				GCC_PREPROCESSOR_DEFINITIONS = (
					"DEBUG=1",
					"$(inherited)",
				);
				GCC_WARN_64_TO_32_BIT_CONVERSION = YES;
				GCC_WARN_ABOUT_RETURN_TYPE = YES_ERROR;
				GCC_WARN_UNDECLARED_SELECTOR = YES;
				GCC_WARN_UNINITIALIZED_AUTOS = YES_AGGRESSIVE;
				GCC_WARN_UNUSED_FUNCTION = YES;
				GCC_WARN_UNUSED_VARIABLE = YES;
				IPHONEOS_DEPLOYMENT_TARGET = 9.3;
				MTL_ENABLE_DEBUG_INFO = YES;
				ONLY_ACTIVE_ARCH = YES;
				SDKROOT = iphoneos;
				TARGETED_DEVICE_FAMILY = "1,2";
			};
			name = Debug;
		};
		630EA45E1D2808AE000AA9E9 /* Release */ = {
			isa = XCBuildConfiguration;
			buildSettings = {
				ALWAYS_SEARCH_USER_PATHS = NO;
				CLANG_ANALYZER_NONNULL = YES;
				CLANG_CXX_LANGUAGE_STANDARD = "gnu++0x";
				CLANG_CXX_LIBRARY = "libc++";
				CLANG_ENABLE_MODULES = YES;
				CLANG_ENABLE_OBJC_ARC = YES;
				CLANG_WARN_BOOL_CONVERSION = YES;
				CLANG_WARN_CONSTANT_CONVERSION = YES;
				CLANG_WARN_DIRECT_OBJC_ISA_USAGE = YES_ERROR;
				CLANG_WARN_EMPTY_BODY = YES;
				CLANG_WARN_ENUM_CONVERSION = YES;
				CLANG_WARN_INT_CONVERSION = YES;
				CLANG_WARN_OBJC_ROOT_CLASS = YES_ERROR;
				CLANG_WARN_UNREACHABLE_CODE = YES;
				CLANG_WARN__DUPLICATE_METHOD_MATCH = YES;
				"CODE_SIGN_IDENTITY[sdk=iphoneos*]" = "iPhone Developer";
				COPY_PHASE_STRIP = NO;
				DEBUG_INFORMATION_FORMAT = "dwarf-with-dsym";
				ENABLE_NS_ASSERTIONS = NO;
				ENABLE_STRICT_OBJC_MSGSEND = YES;
				GCC_C_LANGUAGE_STANDARD = gnu99;
				GCC_NO_COMMON_BLOCKS = YES;
				GCC_WARN_64_TO_32_BIT_CONVERSION = YES;
				GCC_WARN_ABOUT_RETURN_TYPE = YES_ERROR;
				GCC_WARN_UNDECLARED_SELECTOR = YES;
				GCC_WARN_UNINITIALIZED_AUTOS = YES_AGGRESSIVE;
				GCC_WARN_UNUSED_FUNCTION = YES;
				GCC_WARN_UNUSED_VARIABLE = YES;
				IPHONEOS_DEPLOYMENT_TARGET = 9.3;
				MTL_ENABLE_DEBUG_INFO = NO;
				SDKROOT = iphoneos;
				TARGETED_DEVICE_FAMILY = "1,2";
				VALIDATE_PRODUCT = YES;
			};
			name = Release;
		};
		630EA4601D2808AE000AA9E9 /* Debug */ = {
			isa = XCBuildConfiguration;
			buildSettings = {
				ASSETCATALOG_COMPILER_APPICON_NAME = AppIcon;
				INFOPLIST_FILE = bookManager/Info.plist;
				LD_RUNPATH_SEARCH_PATHS = "$(inherited) @executable_path/Frameworks";
				PRODUCT_BUNDLE_IDENTIFIER = c.bookManager;
				PRODUCT_NAME = "$(TARGET_NAME)";
			};
			name = Debug;
		};
		630EA4611D2808AE000AA9E9 /* Release */ = {
			isa = XCBuildConfiguration;
			buildSettings = {
				ASSETCATALOG_COMPILER_APPICON_NAME = AppIcon;
				INFOPLIST_FILE = bookManager/Info.plist;
				LD_RUNPATH_SEARCH_PATHS = "$(inherited) @executable_path/Frameworks";
				PRODUCT_BUNDLE_IDENTIFIER = c.bookManager;
				PRODUCT_NAME = "$(TARGET_NAME)";
			};
			name = Release;
		};
		630EA4631D2808AE000AA9E9 /* Debug */ = {
			isa = XCBuildConfiguration;
			buildSettings = {
				BUNDLE_LOADER = "$(TEST_HOST)";
				INFOPLIST_FILE = bookManagerTests/Info.plist;
				LD_RUNPATH_SEARCH_PATHS = "$(inherited) @executable_path/Frameworks @loader_path/Frameworks";
				PRODUCT_BUNDLE_IDENTIFIER = c.bookManagerTests;
				PRODUCT_NAME = "$(TARGET_NAME)";
				TEST_HOST = "$(BUILT_PRODUCTS_DIR)/bookManager.app/bookManager";
			};
			name = Debug;
		};
		630EA4641D2808AE000AA9E9 /* Release */ = {
			isa = XCBuildConfiguration;
			buildSettings = {
				BUNDLE_LOADER = "$(TEST_HOST)";
				INFOPLIST_FILE = bookManagerTests/Info.plist;
				LD_RUNPATH_SEARCH_PATHS = "$(inherited) @executable_path/Frameworks @loader_path/Frameworks";
				PRODUCT_BUNDLE_IDENTIFIER = c.bookManagerTests;
				PRODUCT_NAME = "$(TARGET_NAME)";
				TEST_HOST = "$(BUILT_PRODUCTS_DIR)/bookManager.app/bookManager";
			};
			name = Release;
		};
		630EA4661D2808AE000AA9E9 /* Debug */ = {
			isa = XCBuildConfiguration;
			buildSettings = {
				INFOPLIST_FILE = bookManagerUITests/Info.plist;
				LD_RUNPATH_SEARCH_PATHS = "$(inherited) @executable_path/Frameworks @loader_path/Frameworks";
				PRODUCT_BUNDLE_IDENTIFIER = c.bookManagerUITests;
				PRODUCT_NAME = "$(TARGET_NAME)";
				TEST_TARGET_NAME = bookManager;
			};
			name = Debug;
		};
		630EA4671D2808AE000AA9E9 /* Release */ = {
			isa = XCBuildConfiguration;
			buildSettings = {
				INFOPLIST_FILE = bookManagerUITests/Info.plist;
				LD_RUNPATH_SEARCH_PATHS = "$(inherited) @executable_path/Frameworks @loader_path/Frameworks";
				PRODUCT_BUNDLE_IDENTIFIER = c.bookManagerUITests;
				PRODUCT_NAME = "$(TARGET_NAME)";
				TEST_TARGET_NAME = bookManager;
			};
			name = Release;
		};
/* End XCBuildConfiguration section */

/* Begin XCConfigurationList section */
		630EA42D1D2808AE000AA9E9 /* Build configuration list for PBXProject "bookManager" */ = {
			isa = XCConfigurationList;
			buildConfigurations = (
				630EA45D1D2808AE000AA9E9 /* Debug */,
				630EA45E1D2808AE000AA9E9 /* Release */,
			);
			defaultConfigurationIsVisible = 0;
			defaultConfigurationName = Release;
		};
		630EA45F1D2808AE000AA9E9 /* Build configuration list for PBXNativeTarget "bookManager" */ = {
			isa = XCConfigurationList;
			buildConfigurations = (
				630EA4601D2808AE000AA9E9 /* Debug */,
				630EA4611D2808AE000AA9E9 /* Release */,
			);
			defaultConfigurationIsVisible = 0;
			defaultConfigurationName = Release;
		};
		630EA4621D2808AE000AA9E9 /* Build configuration list for PBXNativeTarget "bookManagerTests" */ = {
			isa = XCConfigurationList;
			buildConfigurations = (
				630EA4631D2808AE000AA9E9 /* Debug */,
				630EA4641D2808AE000AA9E9 /* Release */,
			);
			defaultConfigurationIsVisible = 0;
			defaultConfigurationName = Release;
		};
		630EA4651D2808AE000AA9E9 /* Build configuration list for PBXNativeTarget "bookManagerUITests" */ = {
			isa = XCConfigurationList;
			buildConfigurations = (
				630EA4661D2808AE000AA9E9 /* Debug */,
				630EA4671D2808AE000AA9E9 /* Release */,
			);
			defaultConfigurationIsVisible = 0;
			defaultConfigurationName = Release;
		};
/* End XCConfigurationList section */
	};
	rootObject = 630EA42A1D2808AE000AA9E9 /* Project object */;
}
