// !$*UTF8*$!
{
	archiveVersion = 1;
	classes = {
	};
	objectVersion = 46;
	objects = {

/* Begin PBXBuildFile section */
		630096311D2E3A8D00D83EE1 /* selected_tub.jpg in Resources */ = {isa = PBXBuildFile; fileRef = 630096301D2E3A8D00D83EE1 /* selected_tub.jpg */; };
		630096331D2E3A9600D83EE1 /* tab.jpg in Resources */ = {isa = PBXBuildFile; fileRef = 630096321D2E3A9600D83EE1 /* tab.jpg */; };
		630EA4371D2808AE000AA9E9 /* main.m in Sources */ = {isa = PBXBuildFile; fileRef = 630EA4361D2808AE000AA9E9 /* main.m */; };
		630EA43A1D2808AE000AA9E9 /* AppDelegate.m in Sources */ = {isa = PBXBuildFile; fileRef = 630EA4391D2808AE000AA9E9 /* AppDelegate.m */; };
		630EA4401D2808AE000AA9E9 /* Main.storyboard in Resources */ = {isa = PBXBuildFile; fileRef = 630EA43E1D2808AE000AA9E9 /* Main.storyboard */; };
		630EA4421D2808AE000AA9E9 /* Assets.xcassets in Resources */ = {isa = PBXBuildFile; fileRef = 630EA4411D2808AE000AA9E9 /* Assets.xcassets */; };
		630EA4451D2808AE000AA9E9 /* LaunchScreen.storyboard in Resources */ = {isa = PBXBuildFile; fileRef = 630EA4431D2808AE000AA9E9 /* LaunchScreen.storyboard */; };
		630EA4501D2808AE000AA9E9 /* bookManagerTests.m in Sources */ = {isa = PBXBuildFile; fileRef = 630EA44F1D2808AE000AA9E9 /* bookManagerTests.m */; };
		630EA45B1D2808AE000AA9E9 /* bookManagerUITests.m in Sources */ = {isa = PBXBuildFile; fileRef = 630EA45A1D2808AE000AA9E9 /* bookManagerUITests.m */; };
		630EA46A1D28093D000AA9E9 /* ListTableViewController.m in Sources */ = {isa = PBXBuildFile; fileRef = 630EA4691D28093D000AA9E9 /* ListTableViewController.m */; };
		630EA4701D28098D000AA9E9 /* EditViewController.m in Sources */ = {isa = PBXBuildFile; fileRef = 630EA46F1D28098D000AA9E9 /* EditViewController.m */; };
		630EA4761D281052000AA9E9 /* AddViewController.m in Sources */ = {isa = PBXBuildFile; fileRef = 630EA4751D281052000AA9E9 /* AddViewController.m */; };
		630EA47C1D281062000AA9E9 /* SettingViewController.m in Sources */ = {isa = PBXBuildFile; fileRef = 630EA47B1D281062000AA9E9 /* SettingViewController.m */; };
		630EA47F1D281068000AA9E9 /* AccountViewController.m in Sources */ = {isa = PBXBuildFile; fileRef = 630EA47E1D281068000AA9E9 /* AccountViewController.m */; };
		630EA4811D282D64000AA9E9 /* book_sample.jpg in Resources */ = {isa = PBXBuildFile; fileRef = 630EA4801D282D64000AA9E9 /* book_sample.jpg */; };
		633BFB341D2B9E7A00D6F8A3 /* customtab_button.m in Sources */ = {isa = PBXBuildFile; fileRef = 633BFB331D2B9E7A00D6F8A3 /* customtab_button.m */; };
		63DC74D31D290B9D0012159F /* ListTableCell.m in Sources */ = {isa = PBXBuildFile; fileRef = 63DC74D21D290B9D0012159F /* ListTableCell.m */; };
		63DC74D51D290BAF0012159F /* ListTableCell.xib in Resources */ = {isa = PBXBuildFile; fileRef = 63DC74D41D290BAF0012159F /* ListTableCell.xib */; };
		63E043361D350667001FFB94 /* AccountRegistViewController.m in Sources */ = {isa = PBXBuildFile; fileRef = 63E043351D350667001FFB94 /* AccountRegistViewController.m */; };
		63F104C81D2CA19600E31385 /* Read_More_Cell.m in Sources */ = {isa = PBXBuildFile; fileRef = 63F104C61D2CA19600E31385 /* Read_More_Cell.m */; };
		63F104C91D2CA19600E31385 /* Read_More_Cell.xib in Resources */ = {isa = PBXBuildFile; fileRef = 63F104C71D2CA19600E31385 /* Read_More_Cell.xib */; };
		63F105951D2D0A4800E31385 /* bookManagerAPI.m in Sources */ = {isa = PBXBuildFile; fileRef = 63F105941D2D0A4800E31385 /* bookManagerAPI.m */; };
		63F1059A1D2D19DA00E31385 /* tabbar_item.png in Resources */ = {isa = PBXBuildFile; fileRef = 63F105991D2D19DA00E31385 /* tabbar_item.png */; };
		8E55745FB41B630073C6BEFD /* libPods-bookManagerUITests.a in Frameworks */ = {isa = PBXBuildFile; fileRef = 883F7208AD064EB7A5934B72 /* libPods-bookManagerUITests.a */; };
		8F7447C5C028716FA3FFD621 /* libPods-bookManagerTests.a in Frameworks */ = {isa = PBXBuildFile; fileRef = E569D0BDF9779D373208A8B7 /* libPods-bookManagerTests.a */; };
		FBBE4F1485F0E1D676772899 /* libPods-bookManager.a in Frameworks */ = {isa = PBXBuildFile; fileRef = 26647940019BB5DF3DD2EC4C /* libPods-bookManager.a */; };
/* End PBXBuildFile section */

/* Begin PBXContainerItemProxy section */
		630EA44C1D2808AE000AA9E9 /* PBXContainerItemProxy */ = {
			isa = PBXContainerItemProxy;
			containerPortal = 630EA42A1D2808AE000AA9E9 /* Project object */;
			proxyType = 1;
			remoteGlobalIDString = 630EA4311D2808AE000AA9E9;
			remoteInfo = bookManager;
		};
		630EA4571D2808AE000AA9E9 /* PBXContainerItemProxy */ = {
			isa = PBXContainerItemProxy;
			containerPortal = 630EA42A1D2808AE000AA9E9 /* Project object */;
			proxyType = 1;
			remoteGlobalIDString = 630EA4311D2808AE000AA9E9;
			remoteInfo = bookManager;
		};
/* End PBXContainerItemProxy section */

/* Begin PBXFileReference section */
		26647940019BB5DF3DD2EC4C /* libPods-bookManager.a */ = {isa = PBXFileReference; explicitFileType = archive.ar; includeInIndex = 0; path = "libPods-bookManager.a"; sourceTree = BUILT_PRODUCTS_DIR; };
		630096301D2E3A8D00D83EE1 /* selected_tub.jpg */ = {isa = PBXFileReference; lastKnownFileType = image.jpeg; name = selected_tub.jpg; path = ../../../selected_tub.jpg; sourceTree = "<group>"; };
		630096321D2E3A9600D83EE1 /* tab.jpg */ = {isa = PBXFileReference; lastKnownFileType = image.jpeg; name = tab.jpg; path = ../../../tab.jpg; sourceTree = "<group>"; };
		630EA4321D2808AE000AA9E9 /* bookManager.app */ = {isa = PBXFileReference; explicitFileType = wrapper.application; includeInIndex = 0; path = bookManager.app; sourceTree = BUILT_PRODUCTS_DIR; };
		630EA4361D2808AE000AA9E9 /* main.m */ = {isa = PBXFileReference; lastKnownFileType = sourcecode.c.objc; path = main.m; sourceTree = "<group>"; };
		630EA4381D2808AE000AA9E9 /* AppDelegate.h */ = {isa = PBXFileReference; lastKnownFileType = sourcecode.c.h; path = AppDelegate.h; sourceTree = "<group>"; };
		630EA4391D2808AE000AA9E9 /* AppDelegate.m */ = {isa = PBXFileReference; lastKnownFileType = sourcecode.c.objc; path = AppDelegate.m; sourceTree = "<group>"; };
		630EA43F1D2808AE000AA9E9 /* Base */ = {isa = PBXFileReference; lastKnownFileType = file.storyboard; name = Base; path = Base.lproj/Main.storyboard; sourceTree = "<group>"; };
		630EA4411D2808AE000AA9E9 /* Assets.xcassets */ = {isa = PBXFileReference; lastKnownFileType = folder.assetcatalog; path = Assets.xcassets; sourceTree = "<group>"; };
		630EA4441D2808AE000AA9E9 /* Base */ = {isa = PBXFileReference; lastKnownFileType = file.storyboard; name = Base; path = Base.lproj/LaunchScreen.storyboard; sourceTree = "<group>"; };
		630EA4461D2808AE000AA9E9 /* Info.plist */ = {isa = PBXFileReference; lastKnownFileType = text.plist.xml; path = Info.plist; sourceTree = "<group>"; };
		630EA44B1D2808AE000AA9E9 /* bookManagerTests.xctest */ = {isa = PBXFileReference; explicitFileType = wrapper.cfbundle; includeInIndex = 0; path = bookManagerTests.xctest; sourceTree = BUILT_PRODUCTS_DIR; };
		630EA44F1D2808AE000AA9E9 /* bookManagerTests.m */ = {isa = PBXFileReference; lastKnownFileType = sourcecode.c.objc; path = bookManagerTests.m; sourceTree = "<group>"; };
		630EA4511D2808AE000AA9E9 /* Info.plist */ = {isa = PBXFileReference; lastKnownFileType = text.plist.xml; path = Info.plist; sourceTree = "<group>"; };
		630EA4561D2808AE000AA9E9 /* bookManagerUITests.xctest */ = {isa = PBXFileReference; explicitFileType = wrapper.cfbundle; includeInIndex = 0; path = bookManagerUITests.xctest; sourceTree = BUILT_PRODUCTS_DIR; };
		630EA45A1D2808AE000AA9E9 /* bookManagerUITests.m */ = {isa = PBXFileReference; lastKnownFileType = sourcecode.c.objc; path = bookManagerUITests.m; sourceTree = "<group>"; };
		630EA45C1D2808AE000AA9E9 /* Info.plist */ = {isa = PBXFileReference; lastKnownFileType = text.plist.xml; path = Info.plist; sourceTree = "<group>"; };
		630EA4681D28093D000AA9E9 /* ListTableViewController.h */ = {isa = PBXFileReference; fileEncoding = 4; lastKnownFileType = sourcecode.c.h; path = ListTableViewController.h; sourceTree = "<group>"; };
		630EA4691D28093D000AA9E9 /* ListTableViewController.m */ = {isa = PBXFileReference; fileEncoding = 4; lastKnownFileType = sourcecode.c.objc; path = ListTableViewController.m; sourceTree = "<group>"; };
		630EA46E1D28098D000AA9E9 /* EditViewController.h */ = {isa = PBXFileReference; fileEncoding = 4; lastKnownFileType = sourcecode.c.h; path = EditViewController.h; sourceTree = "<group>"; };
		630EA46F1D28098D000AA9E9 /* EditViewController.m */ = {isa = PBXFileReference; fileEncoding = 4; lastKnownFileType = sourcecode.c.objc; path = EditViewController.m; sourceTree = "<group>"; };
		630EA4741D281052000AA9E9 /* AddViewController.h */ = {isa = PBXFileReference; fileEncoding = 4; lastKnownFileType = sourcecode.c.h; name = AddViewController.h; path = ../AddViewController.h; sourceTree = "<group>"; };
		630EA4751D281052000AA9E9 /* AddViewController.m */ = {isa = PBXFileReference; fileEncoding = 4; lastKnownFileType = sourcecode.c.objc; name = AddViewController.m; path = ../AddViewController.m; sourceTree = "<group>"; };
		630EA47A1D281062000AA9E9 /* SettingViewController.h */ = {isa = PBXFileReference; fileEncoding = 4; lastKnownFileType = sourcecode.c.h; name = SettingViewController.h; path = ../SettingViewController.h; sourceTree = "<group>"; };
		630EA47B1D281062000AA9E9 /* SettingViewController.m */ = {isa = PBXFileReference; fileEncoding = 4; lastKnownFileType = sourcecode.c.objc; name = SettingViewController.m; path = ../SettingViewController.m; sourceTree = "<group>"; };
		630EA47D1D281068000AA9E9 /* AccountViewController.h */ = {isa = PBXFileReference; fileEncoding = 4; lastKnownFileType = sourcecode.c.h; name = AccountViewController.h; path = ../AccountViewController.h; sourceTree = "<group>"; };
		630EA47E1D281068000AA9E9 /* AccountViewController.m */ = {isa = PBXFileReference; fileEncoding = 4; lastKnownFileType = sourcecode.c.objc; name = AccountViewController.m; path = ../AccountViewController.m; sourceTree = "<group>"; };
		630EA4801D282D64000AA9E9 /* book_sample.jpg */ = {isa = PBXFileReference; lastKnownFileType = image.jpeg; path = book_sample.jpg; sourceTree = SOURCE_ROOT; };
		633BFB321D2B9E7A00D6F8A3 /* customtab_button.h */ = {isa = PBXFileReference; fileEncoding = 4; lastKnownFileType = sourcecode.c.h; name = customtab_button.h; path = ../customtab_button.h; sourceTree = "<group>"; };
		633BFB331D2B9E7A00D6F8A3 /* customtab_button.m */ = {isa = PBXFileReference; fileEncoding = 4; lastKnownFileType = sourcecode.c.objc; name = customtab_button.m; path = ../customtab_button.m; sourceTree = "<group>"; };
		63DC74D11D290B9D0012159F /* ListTableCell.h */ = {isa = PBXFileReference; fileEncoding = 4; lastKnownFileType = sourcecode.c.h; path = ListTableCell.h; sourceTree = "<group>"; };
		63DC74D21D290B9D0012159F /* ListTableCell.m */ = {isa = PBXFileReference; fileEncoding = 4; lastKnownFileType = sourcecode.c.objc; path = ListTableCell.m; sourceTree = "<group>"; };
		63DC74D41D290BAF0012159F /* ListTableCell.xib */ = {isa = PBXFileReference; fileEncoding = 4; lastKnownFileType = file.xib; path = ListTableCell.xib; sourceTree = "<group>"; };
		63E043341D350667001FFB94 /* AccountRegistViewController.h */ = {isa = PBXFileReference; fileEncoding = 4; lastKnownFileType = sourcecode.c.h; path = AccountRegistViewController.h; sourceTree = "<group>"; };
		63E043351D350667001FFB94 /* AccountRegistViewController.m */ = {isa = PBXFileReference; fileEncoding = 4; lastKnownFileType = sourcecode.c.objc; path = AccountRegistViewController.m; sourceTree = "<group>"; };
		63F104C51D2CA19600E31385 /* Read_More_Cell.h */ = {isa = PBXFileReference; fileEncoding = 4; lastKnownFileType = sourcecode.c.h; path = Read_More_Cell.h; sourceTree = "<group>"; };
		63F104C61D2CA19600E31385 /* Read_More_Cell.m */ = {isa = PBXFileReference; fileEncoding = 4; lastKnownFileType = sourcecode.c.objc; path = Read_More_Cell.m; sourceTree = "<group>"; };
		63F104C71D2CA19600E31385 /* Read_More_Cell.xib */ = {isa = PBXFileReference; fileEncoding = 4; lastKnownFileType = file.xib; path = Read_More_Cell.xib; sourceTree = "<group>"; };
		63F105931D2D0A4800E31385 /* bookManagerAPI.h */ = {isa = PBXFileReference; fileEncoding = 4; lastKnownFileType = sourcecode.c.h; path = bookManagerAPI.h; sourceTree = "<group>"; };
		63F105941D2D0A4800E31385 /* bookManagerAPI.m */ = {isa = PBXFileReference; fileEncoding = 4; lastKnownFileType = sourcecode.c.objc; path = bookManagerAPI.m; sourceTree = "<group>"; };
		63F105991D2D19DA00E31385 /* tabbar_item.png */ = {isa = PBXFileReference; lastKnownFileType = image.png; name = tabbar_item.png; path = ../../../tabbar_item.png; sourceTree = "<group>"; };
		883F7208AD064EB7A5934B72 /* libPods-bookManagerUITests.a */ = {isa = PBXFileReference; explicitFileType = archive.ar; includeInIndex = 0; path = "libPods-bookManagerUITests.a"; sourceTree = BUILT_PRODUCTS_DIR; };
		A6A7B68D5420805662119B80 /* Pods-bookManagerUITests.debug.xcconfig */ = {isa = PBXFileReference; includeInIndex = 1; lastKnownFileType = text.xcconfig; name = "Pods-bookManagerUITests.debug.xcconfig"; path = "Pods/Target Support Files/Pods-bookManagerUITests/Pods-bookManagerUITests.debug.xcconfig"; sourceTree = "<group>"; };
		D83016957F8A55F14D0F1503 /* Pods-bookManager.release.xcconfig */ = {isa = PBXFileReference; includeInIndex = 1; lastKnownFileType = text.xcconfig; name = "Pods-bookManager.release.xcconfig"; path = "Pods/Target Support Files/Pods-bookManager/Pods-bookManager.release.xcconfig"; sourceTree = "<group>"; };
		DAF9B6A5B6970AD1F5F7DD7F /* Pods-bookManagerUITests.release.xcconfig */ = {isa = PBXFileReference; includeInIndex = 1; lastKnownFileType = text.xcconfig; name = "Pods-bookManagerUITests.release.xcconfig"; path = "Pods/Target Support Files/Pods-bookManagerUITests/Pods-bookManagerUITests.release.xcconfig"; sourceTree = "<group>"; };
		E199DB502F8BFEF30E269F08 /* Pods-bookManagerTests.debug.xcconfig */ = {isa = PBXFileReference; includeInIndex = 1; lastKnownFileType = text.xcconfig; name = "Pods-bookManagerTests.debug.xcconfig"; path = "Pods/Target Support Files/Pods-bookManagerTests/Pods-bookManagerTests.debug.xcconfig"; sourceTree = "<group>"; };
		E569D0BDF9779D373208A8B7 /* libPods-bookManagerTests.a */ = {isa = PBXFileReference; explicitFileType = archive.ar; includeInIndex = 0; path = "libPods-bookManagerTests.a"; sourceTree = BUILT_PRODUCTS_DIR; };
		EC6DDF802801DD860EEF11C4 /* Pods-bookManagerTests.release.xcconfig */ = {isa = PBXFileReference; includeInIndex = 1; lastKnownFileType = text.xcconfig; name = "Pods-bookManagerTests.release.xcconfig"; path = "Pods/Target Support Files/Pods-bookManagerTests/Pods-bookManagerTests.release.xcconfig"; sourceTree = "<group>"; };
		FA83F0753B670C8A5B0BB4E1 /* Pods-bookManager.debug.xcconfig */ = {isa = PBXFileReference; includeInIndex = 1; lastKnownFileType = text.xcconfig; name = "Pods-bookManager.debug.xcconfig"; path = "Pods/Target Support Files/Pods-bookManager/Pods-bookManager.debug.xcconfig"; sourceTree = "<group>"; };
/* End PBXFileReference section */

/* Begin PBXFrameworksBuildPhase section */
		630EA42F1D2808AE000AA9E9 /* Frameworks */ = {
			isa = PBXFrameworksBuildPhase;
			buildActionMask = 2147483647;
			files = (
				FBBE4F1485F0E1D676772899 /* libPods-bookManager.a in Frameworks */,
			);
			runOnlyForDeploymentPostprocessing = 0;
		};
		630EA4481D2808AE000AA9E9 /* Frameworks */ = {
			isa = PBXFrameworksBuildPhase;
			buildActionMask = 2147483647;
			files = (
				8F7447C5C028716FA3FFD621 /* libPods-bookManagerTests.a in Frameworks */,
			);
			runOnlyForDeploymentPostprocessing = 0;
		};
		630EA4531D2808AE000AA9E9 /* Frameworks */ = {
			isa = PBXFrameworksBuildPhase;
			buildActionMask = 2147483647;
			files = (
				8E55745FB41B630073C6BEFD /* libPods-bookManagerUITests.a in Frameworks */,
			);
			runOnlyForDeploymentPostprocessing = 0;
		};
/* End PBXFrameworksBuildPhase section */

/* Begin PBXGroup section */
		0C0CF1A41D81141C8F1D9DC3 /* Pods */ = {
			isa = PBXGroup;
			children = (
				FA83F0753B670C8A5B0BB4E1 /* Pods-bookManager.debug.xcconfig */,
				D83016957F8A55F14D0F1503 /* Pods-bookManager.release.xcconfig */,
				E199DB502F8BFEF30E269F08 /* Pods-bookManagerTests.debug.xcconfig */,
				EC6DDF802801DD860EEF11C4 /* Pods-bookManagerTests.release.xcconfig */,
				A6A7B68D5420805662119B80 /* Pods-bookManagerUITests.debug.xcconfig */,
				DAF9B6A5B6970AD1F5F7DD7F /* Pods-bookManagerUITests.release.xcconfig */,
			);
			name = Pods;
			sourceTree = "<group>";
		};
		630EA4291D2808AE000AA9E9 = {
			isa = PBXGroup;
			children = (
				63F104C51D2CA19600E31385 /* Read_More_Cell.h */,
				63F104C61D2CA19600E31385 /* Read_More_Cell.m */,
				63F104C71D2CA19600E31385 /* Read_More_Cell.xib */,
				630EA4341D2808AE000AA9E9 /* bookManager */,
				630EA44E1D2808AE000AA9E9 /* bookManagerTests */,
				630EA4591D2808AE000AA9E9 /* bookManagerUITests */,
				630EA4331D2808AE000AA9E9 /* Products */,
				0C0CF1A41D81141C8F1D9DC3 /* Pods */,
				AB55469CBF1752D5E006E125 /* Frameworks */,
			);
			sourceTree = "<group>";
		};
		630EA4331D2808AE000AA9E9 /* Products */ = {
			isa = PBXGroup;
			children = (
				630EA4321D2808AE000AA9E9 /* bookManager.app */,
				630EA44B1D2808AE000AA9E9 /* bookManagerTests.xctest */,
				630EA4561D2808AE000AA9E9 /* bookManagerUITests.xctest */,
			);
			name = Products;
			sourceTree = "<group>";
		};
		630EA4341D2808AE000AA9E9 /* bookManager */ = {
			isa = PBXGroup;
			children = (
				63F105931D2D0A4800E31385 /* bookManagerAPI.h */,
				63F105941D2D0A4800E31385 /* bookManagerAPI.m */,
				633BFB331D2B9E7A00D6F8A3 /* customtab_button.m */,
				633BFB321D2B9E7A00D6F8A3 /* customtab_button.h */,
				630EA4741D281052000AA9E9 /* AddViewController.h */,
				630EA4751D281052000AA9E9 /* AddViewController.m */,
				63E043341D350667001FFB94 /* AccountRegistViewController.h */,
				63E043351D350667001FFB94 /* AccountRegistViewController.m */,
				630EA46E1D28098D000AA9E9 /* EditViewController.h */,
				630EA46F1D28098D000AA9E9 /* EditViewController.m */,
				630EA47A1D281062000AA9E9 /* SettingViewController.h */,
				630EA47B1D281062000AA9E9 /* SettingViewController.m */,
				630EA47D1D281068000AA9E9 /* AccountViewController.h */,
				630EA47E1D281068000AA9E9 /* AccountViewController.m */,
				630EA4381D2808AE000AA9E9 /* AppDelegate.h */,
				63DC74D11D290B9D0012159F /* ListTableCell.h */,
				63DC74D21D290B9D0012159F /* ListTableCell.m */,
				63DC74D41D290BAF0012159F /* ListTableCell.xib */,
				630EA4391D2808AE000AA9E9 /* AppDelegate.m */,
				630EA43E1D2808AE000AA9E9 /* Main.storyboard */,
				630EA4681D28093D000AA9E9 /* ListTableViewController.h */,
				630EA4691D28093D000AA9E9 /* ListTableViewController.m */,
				630EA4411D2808AE000AA9E9 /* Assets.xcassets */,
				630EA4431D2808AE000AA9E9 /* LaunchScreen.storyboard */,
				630EA4461D2808AE000AA9E9 /* Info.plist */,
				630EA4351D2808AE000AA9E9 /* Supporting Files */,
			);
			path = bookManager;
			sourceTree = "<group>";
		};
		630EA4351D2808AE000AA9E9 /* Supporting Files */ = {
			isa = PBXGroup;
			children = (
				630096301D2E3A8D00D83EE1 /* selected_tub.jpg */,
				630096321D2E3A9600D83EE1 /* tab.jpg */,
				63F105991D2D19DA00E31385 /* tabbar_item.png */,
				630EA4801D282D64000AA9E9 /* book_sample.jpg */,
				630EA4361D2808AE000AA9E9 /* main.m */,
			);
			name = "Supporting Files";
			sourceTree = "<group>";
		};
		630EA44E1D2808AE000AA9E9 /* bookManagerTests */ = {
			isa = PBXGroup;
			children = (
				630EA44F1D2808AE000AA9E9 /* bookManagerTests.m */,
				630EA4511D2808AE000AA9E9 /* Info.plist */,
			);
			path = bookManagerTests;
			sourceTree = "<group>";
		};
		630EA4591D2808AE000AA9E9 /* bookManagerUITests */ = {
			isa = PBXGroup;
			children = (
				630EA45A1D2808AE000AA9E9 /* bookManagerUITests.m */,
				630EA45C1D2808AE000AA9E9 /* Info.plist */,
			);
			path = bookManagerUITests;
			sourceTree = "<group>";
		};
		AB55469CBF1752D5E006E125 /* Frameworks */ = {
			isa = PBXGroup;
			children = (
				26647940019BB5DF3DD2EC4C /* libPods-bookManager.a */,
				E569D0BDF9779D373208A8B7 /* libPods-bookManagerTests.a */,
				883F7208AD064EB7A5934B72 /* libPods-bookManagerUITests.a */,
			);
			name = Frameworks;
			sourceTree = "<group>";
		};
/* End PBXGroup section */

/* Begin PBXNativeTarget section */
		630EA4311D2808AE000AA9E9 /* bookManager */ = {
			isa = PBXNativeTarget;
			buildConfigurationList = 630EA45F1D2808AE000AA9E9 /* Build configuration list for PBXNativeTarget "bookManager" */;
			buildPhases = (
				01CD15DE1519980C6B00AF29 /* [CP] Check Pods Manifest.lock */,
				630EA42E1D2808AE000AA9E9 /* Sources */,
				630EA42F1D2808AE000AA9E9 /* Frameworks */,
				630EA4301D2808AE000AA9E9 /* Resources */,
				F2C39053BFC0555FDEB36DC8 /* [CP] Embed Pods Frameworks */,
				B398CBE525595EF969048CDF /* [CP] Copy Pods Resources */,
			);
			buildRules = (
			);
			dependencies = (
			);
			name = bookManager;
			productName = bookManager;
			productReference = 630EA4321D2808AE000AA9E9 /* bookManager.app */;
			productType = "com.apple.product-type.application";
		};
		630EA44A1D2808AE000AA9E9 /* bookManagerTests */ = {
			isa = PBXNativeTarget;
			buildConfigurationList = 630EA4621D2808AE000AA9E9 /* Build configuration list for PBXNativeTarget "bookManagerTests" */;
			buildPhases = (
				44F51539F6A675C1DDDF40A4 /* [CP] Check Pods Manifest.lock */,
				630EA4471D2808AE000AA9E9 /* Sources */,
				630EA4481D2808AE000AA9E9 /* Frameworks */,
				630EA4491D2808AE000AA9E9 /* Resources */,
				F48BC68BD3C782A6D3229304 /* [CP] Embed Pods Frameworks */,
				B7D42BC959F8007C3413D667 /* [CP] Copy Pods Resources */,
			);
			buildRules = (
			);
			dependencies = (
				630EA44D1D2808AE000AA9E9 /* PBXTargetDependency */,
			);
			name = bookManagerTests;
			productName = bookManagerTests;
			productReference = 630EA44B1D2808AE000AA9E9 /* bookManagerTests.xctest */;
			productType = "com.apple.product-type.bundle.unit-test";
		};
		630EA4551D2808AE000AA9E9 /* bookManagerUITests */ = {
			isa = PBXNativeTarget;
			buildConfigurationList = 630EA4651D2808AE000AA9E9 /* Build configuration list for PBXNativeTarget "bookManagerUITests" */;
			buildPhases = (
				B96EE269FEA61A5EC217F5D7 /* [CP] Check Pods Manifest.lock */,
				630EA4521D2808AE000AA9E9 /* Sources */,
				630EA4531D2808AE000AA9E9 /* Frameworks */,
				630EA4541D2808AE000AA9E9 /* Resources */,
				3DED5BF16CB3DAC1C7551CAB /* [CP] Copy Pods Resources */,
			);
			buildRules = (
			);
			dependencies = (
				630EA4581D2808AE000AA9E9 /* PBXTargetDependency */,
			);
			name = bookManagerUITests;
			productName = bookManagerUITests;
			productReference = 630EA4561D2808AE000AA9E9 /* bookManagerUITests.xctest */;
			productType = "com.apple.product-type.bundle.ui-testing";
		};
/* End PBXNativeTarget section */

/* Begin PBXProject section */
		630EA42A1D2808AE000AA9E9 /* Project object */ = {
			isa = PBXProject;
			attributes = {
				LastUpgradeCheck = 0730;
				ORGANIZATIONNAME = inouenaoto;
				TargetAttributes = {
					630EA4311D2808AE000AA9E9 = {
						CreatedOnToolsVersion = 7.3.1;
					};
					630EA44A1D2808AE000AA9E9 = {
						CreatedOnToolsVersion = 7.3.1;
						TestTargetID = 630EA4311D2808AE000AA9E9;
					};
					630EA4551D2808AE000AA9E9 = {
						CreatedOnToolsVersion = 7.3.1;
						TestTargetID = 630EA4311D2808AE000AA9E9;
					};
				};
			};
			buildConfigurationList = 630EA42D1D2808AE000AA9E9 /* Build configuration list for PBXProject "bookManager" */;
			compatibilityVersion = "Xcode 3.2";
			developmentRegion = English;
			hasScannedForEncodings = 0;
			knownRegions = (
				en,
				Base,
			);
			mainGroup = 630EA4291D2808AE000AA9E9;
			productRefGroup = 630EA4331D2808AE000AA9E9 /* Products */;
			projectDirPath = "";
			projectRoot = "";
			targets = (
				630EA4311D2808AE000AA9E9 /* bookManager */,
				630EA44A1D2808AE000AA9E9 /* bookManagerTests */,
				630EA4551D2808AE000AA9E9 /* bookManagerUITests */,
			);
		};
/* End PBXProject section */

/* Begin PBXResourcesBuildPhase section */
		630EA4301D2808AE000AA9E9 /* Resources */ = {
			isa = PBXResourcesBuildPhase;
			buildActionMask = 2147483647;
			files = (
				630096331D2E3A9600D83EE1 /* tab.jpg in Resources */,
				63F104C91D2CA19600E31385 /* Read_More_Cell.xib in Resources */,
				630EA4451D2808AE000AA9E9 /* LaunchScreen.storyboard in Resources */,
				630096311D2E3A8D00D83EE1 /* selected_tub.jpg in Resources */,
				630EA4421D2808AE000AA9E9 /* Assets.xcassets in Resources */,
				63F1059A1D2D19DA00E31385 /* tabbar_item.png in Resources */,
				63DC74D51D290BAF0012159F /* ListTableCell.xib in Resources */,
				630EA4811D282D64000AA9E9 /* book_sample.jpg in Resources */,
				630EA4401D2808AE000AA9E9 /* Main.storyboard in Resources */,
			);
			runOnlyForDeploymentPostprocessing = 0;
		};
		630EA4491D2808AE000AA9E9 /* Resources */ = {
			isa = PBXResourcesBuildPhase;
			buildActionMask = 2147483647;
			files = (
			);
			runOnlyForDeploymentPostprocessing = 0;
		};
		630EA4541D2808AE000AA9E9 /* Resources */ = {
			isa = PBXResourcesBuildPhase;
			buildActionMask = 2147483647;
			files = (
			);
			runOnlyForDeploymentPostprocessing = 0;
		};
/* End PBXResourcesBuildPhase section */

/* Begin PBXShellScriptBuildPhase section */
		01CD15DE1519980C6B00AF29 /* [CP] Check Pods Manifest.lock */ = {
			isa = PBXShellScriptBuildPhase;
			buildActionMask = 2147483647;
			files = (
			);
			inputPaths = (
			);
			name = "[CP] Check Pods Manifest.lock";
			outputPaths = (
			);
			runOnlyForDeploymentPostprocessing = 0;
			shellPath = /bin/sh;
			shellScript = "diff \"${PODS_ROOT}/../Podfile.lock\" \"${PODS_ROOT}/Manifest.lock\" > /dev/null\nif [[ $? != 0 ]] ; then\n    cat << EOM\nerror: The sandbox is not in sync with the Podfile.lock. Run 'pod install' or update your CocoaPods installation.\nEOM\n    exit 1\nfi\n";
			showEnvVarsInLog = 0;
		};
		3DED5BF16CB3DAC1C7551CAB /* [CP] Copy Pods Resources */ = {
			isa = PBXShellScriptBuildPhase;
			buildActionMask = 2147483647;
			files = (
			);
			inputPaths = (
			);
			name = "[CP] Copy Pods Resources";
			outputPaths = (
			);
			runOnlyForDeploymentPostprocessing = 0;
			shellPath = /bin/sh;
			shellScript = "\"${SRCROOT}/Pods/Target Support Files/Pods-bookManagerUITests/Pods-bookManagerUITests-resources.sh\"\n";
			showEnvVarsInLog = 0;
		};
		44F51539F6A675C1DDDF40A4 /* [CP] Check Pods Manifest.lock */ = {
			isa = PBXShellScriptBuildPhase;
			buildActionMask = 2147483647;
			files = (
			);
			inputPaths = (
			);
			name = "[CP] Check Pods Manifest.lock";
			outputPaths = (
			);
			runOnlyForDeploymentPostprocessing = 0;
			shellPath = /bin/sh;
			shellScript = "diff \"${PODS_ROOT}/../Podfile.lock\" \"${PODS_ROOT}/Manifest.lock\" > /dev/null\nif [[ $? != 0 ]] ; then\n    cat << EOM\nerror: The sandbox is not in sync with the Podfile.lock. Run 'pod install' or update your CocoaPods installation.\nEOM\n    exit 1\nfi\n";
			showEnvVarsInLog = 0;
		};
		B398CBE525595EF969048CDF /* [CP] Copy Pods Resources */ = {
			isa = PBXShellScriptBuildPhase;
			buildActionMask = 2147483647;
			files = (
			);
			inputPaths = (
			);
			name = "[CP] Copy Pods Resources";
			outputPaths = (
			);
			runOnlyForDeploymentPostprocessing = 0;
			shellPath = /bin/sh;
			shellScript = "\"${SRCROOT}/Pods/Target Support Files/Pods-bookManager/Pods-bookManager-resources.sh\"\n";
			showEnvVarsInLog = 0;
		};
		B7D42BC959F8007C3413D667 /* [CP] Copy Pods Resources */ = {
			isa = PBXShellScriptBuildPhase;
			buildActionMask = 2147483647;
			files = (
			);
			inputPaths = (
			);
			name = "[CP] Copy Pods Resources";
			outputPaths = (
			);
			runOnlyForDeploymentPostprocessing = 0;
			shellPath = /bin/sh;
			shellScript = "\"${SRCROOT}/Pods/Target Support Files/Pods-bookManagerTests/Pods-bookManagerTests-resources.sh\"\n";
			showEnvVarsInLog = 0;
		};
		B96EE269FEA61A5EC217F5D7 /* [CP] Check Pods Manifest.lock */ = {
			isa = PBXShellScriptBuildPhase;
			buildActionMask = 2147483647;
			files = (
			);
			inputPaths = (
			);
			name = "[CP] Check Pods Manifest.lock";
			outputPaths = (
			);
			runOnlyForDeploymentPostprocessing = 0;
			shellPath = /bin/sh;
			shellScript = "diff \"${PODS_ROOT}/../Podfile.lock\" \"${PODS_ROOT}/Manifest.lock\" > /dev/null\nif [[ $? != 0 ]] ; then\n    cat << EOM\nerror: The sandbox is not in sync with the Podfile.lock. Run 'pod install' or update your CocoaPods installation.\nEOM\n    exit 1\nfi\n";
			showEnvVarsInLog = 0;
		};
		F2C39053BFC0555FDEB36DC8 /* [CP] Embed Pods Frameworks */ = {
			isa = PBXShellScriptBuildPhase;
			buildActionMask = 2147483647;
			files = (
			);
			inputPaths = (
			);
			name = "[CP] Embed Pods Frameworks";
			outputPaths = (
			);
			runOnlyForDeploymentPostprocessing = 0;
			shellPath = /bin/sh;
			shellScript = "\"${SRCROOT}/Pods/Target Support Files/Pods-bookManager/Pods-bookManager-frameworks.sh\"\n";
			showEnvVarsInLog = 0;
		};
		F48BC68BD3C782A6D3229304 /* [CP] Embed Pods Frameworks */ = {
			isa = PBXShellScriptBuildPhase;
			buildActionMask = 2147483647;
			files = (
			);
			inputPaths = (
			);
			name = "[CP] Embed Pods Frameworks";
			outputPaths = (
			);
			runOnlyForDeploymentPostprocessing = 0;
			shellPath = /bin/sh;
			shellScript = "\"${SRCROOT}/Pods/Target Support Files/Pods-bookManagerTests/Pods-bookManagerTests-frameworks.sh\"\n";
			showEnvVarsInLog = 0;
		};
/* End PBXShellScriptBuildPhase section */

/* Begin PBXSourcesBuildPhase section */
		630EA42E1D2808AE000AA9E9 /* Sources */ = {
			isa = PBXSourcesBuildPhase;
			buildActionMask = 2147483647;
			files = (
				63DC74D31D290B9D0012159F /* ListTableCell.m in Sources */,
				630EA43A1D2808AE000AA9E9 /* AppDelegate.m in Sources */,
				630EA4371D2808AE000AA9E9 /* main.m in Sources */,
				633BFB341D2B9E7A00D6F8A3 /* customtab_button.m in Sources */,
				630EA4761D281052000AA9E9 /* AddViewController.m in Sources */,
				630EA47F1D281068000AA9E9 /* AccountViewController.m in Sources */,
				63E043361D350667001FFB94 /* AccountRegistViewController.m in Sources */,
				630EA46A1D28093D000AA9E9 /* ListTableViewController.m in Sources */,
				63F104C81D2CA19600E31385 /* Read_More_Cell.m in Sources */,
				63F105951D2D0A4800E31385 /* bookManagerAPI.m in Sources */,
				630EA4701D28098D000AA9E9 /* EditViewController.m in Sources */,
				630EA47C1D281062000AA9E9 /* SettingViewController.m in Sources */,
			);
			runOnlyForDeploymentPostprocessing = 0;
		};
		630EA4471D2808AE000AA9E9 /* Sources */ = {
			isa = PBXSourcesBuildPhase;
			buildActionMask = 2147483647;
			files = (
				630EA4501D2808AE000AA9E9 /* bookManagerTests.m in Sources */,
			);
			runOnlyForDeploymentPostprocessing = 0;
		};
		630EA4521D2808AE000AA9E9 /* Sources */ = {
			isa = PBXSourcesBuildPhase;
			buildActionMask = 2147483647;
			files = (
				630EA45B1D2808AE000AA9E9 /* bookManagerUITests.m in Sources */,
			);
			runOnlyForDeploymentPostprocessing = 0;
		};
/* End PBXSourcesBuildPhase section */

/* Begin PBXTargetDependency section */
		630EA44D1D2808AE000AA9E9 /* PBXTargetDependency */ = {
			isa = PBXTargetDependency;
			target = 630EA4311D2808AE000AA9E9 /* bookManager */;
			targetProxy = 630EA44C1D2808AE000AA9E9 /* PBXContainerItemProxy */;
		};
		630EA4581D2808AE000AA9E9 /* PBXTargetDependency */ = {
			isa = PBXTargetDependency;
			target = 630EA4311D2808AE000AA9E9 /* bookManager */;
			targetProxy = 630EA4571D2808AE000AA9E9 /* PBXContainerItemProxy */;
		};
/* End PBXTargetDependency section */

/* Begin PBXVariantGroup section */
		630EA43E1D2808AE000AA9E9 /* Main.storyboard */ = {
			isa = PBXVariantGroup;
			children = (
				630EA43F1D2808AE000AA9E9 /* Base */,
			);
			name = Main.storyboard;
			sourceTree = "<group>";
		};
		630EA4431D2808AE000AA9E9 /* LaunchScreen.storyboard */ = {
			isa = PBXVariantGroup;
			children = (
				630EA4441D2808AE000AA9E9 /* Base */,
			);
			name = LaunchScreen.storyboard;
			sourceTree = "<group>";
		};
/* End PBXVariantGroup section */

/* Begin XCBuildConfiguration section */
		630EA45D1D2808AE000AA9E9 /* Debug */ = {
			isa = XCBuildConfiguration;
			buildSettings = {
				ALWAYS_SEARCH_USER_PATHS = NO;
				CLANG_ANALYZER_NONNULL = YES;
				CLANG_CXX_LANGUAGE_STANDARD = "gnu++0x";
				CLANG_CXX_LIBRARY = "libc++";
				CLANG_ENABLE_MODULES = YES;
				CLANG_ENABLE_OBJC_ARC = YES;
				CLANG_WARN_BOOL_CONVERSION = YES;
				CLANG_WARN_CONSTANT_CONVERSION = YES;
				CLANG_WARN_DIRECT_OBJC_ISA_USAGE = YES_ERROR;
				CLANG_WARN_EMPTY_BODY = YES;
				CLANG_WARN_ENUM_CONVERSION = YES;
				CLANG_WARN_INT_CONVERSION = YES;
				CLANG_WARN_OBJC_ROOT_CLASS = YES_ERROR;
				CLANG_WARN_UNREACHABLE_CODE = YES;
				CLANG_WARN__DUPLICATE_METHOD_MATCH = YES;
				"CODE_SIGN_IDENTITY[sdk=iphoneos*]" = "iPhone Developer";
				COPY_PHASE_STRIP = NO;
				DEBUG_INFORMATION_FORMAT = dwarf;
				ENABLE_STRICT_OBJC_MSGSEND = YES;
				ENABLE_TESTABILITY = YES;
				GCC_C_LANGUAGE_STANDARD = gnu99;
				GCC_DYNAMIC_NO_PIC = NO;
				GCC_NO_COMMON_BLOCKS = YES;
				GCC_OPTIMIZATION_LEVEL = 0;
				GCC_PREPROCESSOR_DEFINITIONS = (
					"DEBUG=1",
					"$(inherited)",
				);
				GCC_WARN_64_TO_32_BIT_CONVERSION = YES;
				GCC_WARN_ABOUT_RETURN_TYPE = YES_ERROR;
				GCC_WARN_UNDECLARED_SELECTOR = YES;
				GCC_WARN_UNINITIALIZED_AUTOS = YES_AGGRESSIVE;
				GCC_WARN_UNUSED_FUNCTION = YES;
				GCC_WARN_UNUSED_VARIABLE = YES;
				IPHONEOS_DEPLOYMENT_TARGET = 9.3;
				MTL_ENABLE_DEBUG_INFO = YES;
				ONLY_ACTIVE_ARCH = YES;
				SDKROOT = iphoneos;
				TARGETED_DEVICE_FAMILY = "1,2";
			};
			name = Debug;
		};
		630EA45E1D2808AE000AA9E9 /* Release */ = {
			isa = XCBuildConfiguration;
			buildSettings = {
				ALWAYS_SEARCH_USER_PATHS = NO;
				CLANG_ANALYZER_NONNULL = YES;
				CLANG_CXX_LANGUAGE_STANDARD = "gnu++0x";
				CLANG_CXX_LIBRARY = "libc++";
				CLANG_ENABLE_MODULES = YES;
				CLANG_ENABLE_OBJC_ARC = YES;
				CLANG_WARN_BOOL_CONVERSION = YES;
				CLANG_WARN_CONSTANT_CONVERSION = YES;
				CLANG_WARN_DIRECT_OBJC_ISA_USAGE = YES_ERROR;
				CLANG_WARN_EMPTY_BODY = YES;
				CLANG_WARN_ENUM_CONVERSION = YES;
				CLANG_WARN_INT_CONVERSION = YES;
				CLANG_WARN_OBJC_ROOT_CLASS = YES_ERROR;
				CLANG_WARN_UNREACHABLE_CODE = YES;
				CLANG_WARN__DUPLICATE_METHOD_MATCH = YES;
				"CODE_SIGN_IDENTITY[sdk=iphoneos*]" = "iPhone Developer";
				COPY_PHASE_STRIP = NO;
				DEBUG_INFORMATION_FORMAT = "dwarf-with-dsym";
				ENABLE_NS_ASSERTIONS = NO;
				ENABLE_STRICT_OBJC_MSGSEND = YES;
				GCC_C_LANGUAGE_STANDARD = gnu99;
				GCC_NO_COMMON_BLOCKS = YES;
				GCC_WARN_64_TO_32_BIT_CONVERSION = YES;
				GCC_WARN_ABOUT_RETURN_TYPE = YES_ERROR;
				GCC_WARN_UNDECLARED_SELECTOR = YES;
				GCC_WARN_UNINITIALIZED_AUTOS = YES_AGGRESSIVE;
				GCC_WARN_UNUSED_FUNCTION = YES;
				GCC_WARN_UNUSED_VARIABLE = YES;
				IPHONEOS_DEPLOYMENT_TARGET = 9.3;
				MTL_ENABLE_DEBUG_INFO = NO;
				SDKROOT = iphoneos;
				TARGETED_DEVICE_FAMILY = "1,2";
				VALIDATE_PRODUCT = YES;
			};
			name = Release;
		};
		630EA4601D2808AE000AA9E9 /* Debug */ = {
			isa = XCBuildConfiguration;
			baseConfigurationReference = FA83F0753B670C8A5B0BB4E1 /* Pods-bookManager.debug.xcconfig */;
			buildSettings = {
				ASSETCATALOG_COMPILER_APPICON_NAME = AppIcon;
				INFOPLIST_FILE = bookManager/Info.plist;
				LD_RUNPATH_SEARCH_PATHS = "$(inherited) @executable_path/Frameworks";
				PRODUCT_BUNDLE_IDENTIFIER = c.bookManager;
				PRODUCT_NAME = "$(TARGET_NAME)";
			};
			name = Debug;
		};
		630EA4611D2808AE000AA9E9 /* Release */ = {
			isa = XCBuildConfiguration;
			baseConfigurationReference = D83016957F8A55F14D0F1503 /* Pods-bookManager.release.xcconfig */;
			buildSettings = {
				ASSETCATALOG_COMPILER_APPICON_NAME = AppIcon;
				INFOPLIST_FILE = bookManager/Info.plist;
				LD_RUNPATH_SEARCH_PATHS = "$(inherited) @executable_path/Frameworks";
				PRODUCT_BUNDLE_IDENTIFIER = c.bookManager;
				PRODUCT_NAME = "$(TARGET_NAME)";
			};
			name = Release;
		};
		630EA4631D2808AE000AA9E9 /* Debug */ = {
			isa = XCBuildConfiguration;
			baseConfigurationReference = E199DB502F8BFEF30E269F08 /* Pods-bookManagerTests.debug.xcconfig */;
			buildSettings = {
				BUNDLE_LOADER = "$(TEST_HOST)";
				INFOPLIST_FILE = bookManagerTests/Info.plist;
				LD_RUNPATH_SEARCH_PATHS = "$(inherited) @executable_path/Frameworks @loader_path/Frameworks";
				PRODUCT_BUNDLE_IDENTIFIER = c.bookManagerTests;
				PRODUCT_NAME = "$(TARGET_NAME)";
				TEST_HOST = "$(BUILT_PRODUCTS_DIR)/bookManager.app/bookManager";
			};
			name = Debug;
		};
		630EA4641D2808AE000AA9E9 /* Release */ = {
			isa = XCBuildConfiguration;
			baseConfigurationReference = EC6DDF802801DD860EEF11C4 /* Pods-bookManagerTests.release.xcconfig */;
			buildSettings = {
				BUNDLE_LOADER = "$(TEST_HOST)";
				INFOPLIST_FILE = bookManagerTests/Info.plist;
				LD_RUNPATH_SEARCH_PATHS = "$(inherited) @executable_path/Frameworks @loader_path/Frameworks";
				PRODUCT_BUNDLE_IDENTIFIER = c.bookManagerTests;
				PRODUCT_NAME = "$(TARGET_NAME)";
				TEST_HOST = "$(BUILT_PRODUCTS_DIR)/bookManager.app/bookManager";
			};
			name = Release;
		};
		630EA4661D2808AE000AA9E9 /* Debug */ = {
			isa = XCBuildConfiguration;
			baseConfigurationReference = A6A7B68D5420805662119B80 /* Pods-bookManagerUITests.debug.xcconfig */;
			buildSettings = {
				INFOPLIST_FILE = bookManagerUITests/Info.plist;
				LD_RUNPATH_SEARCH_PATHS = "$(inherited) @executable_path/Frameworks @loader_path/Frameworks";
				PRODUCT_BUNDLE_IDENTIFIER = c.bookManagerUITests;
				PRODUCT_NAME = "$(TARGET_NAME)";
				TEST_TARGET_NAME = bookManager;
			};
			name = Debug;
		};
		630EA4671D2808AE000AA9E9 /* Release */ = {
			isa = XCBuildConfiguration;
			baseConfigurationReference = DAF9B6A5B6970AD1F5F7DD7F /* Pods-bookManagerUITests.release.xcconfig */;
			buildSettings = {
				INFOPLIST_FILE = bookManagerUITests/Info.plist;
				LD_RUNPATH_SEARCH_PATHS = "$(inherited) @executable_path/Frameworks @loader_path/Frameworks";
				PRODUCT_BUNDLE_IDENTIFIER = c.bookManagerUITests;
				PRODUCT_NAME = "$(TARGET_NAME)";
				TEST_TARGET_NAME = bookManager;
			};
			name = Release;
		};
/* End XCBuildConfiguration section */

/* Begin XCConfigurationList section */
		630EA42D1D2808AE000AA9E9 /* Build configuration list for PBXProject "bookManager" */ = {
			isa = XCConfigurationList;
			buildConfigurations = (
				630EA45D1D2808AE000AA9E9 /* Debug */,
				630EA45E1D2808AE000AA9E9 /* Release */,
			);
			defaultConfigurationIsVisible = 0;
			defaultConfigurationName = Release;
		};
		630EA45F1D2808AE000AA9E9 /* Build configuration list for PBXNativeTarget "bookManager" */ = {
			isa = XCConfigurationList;
			buildConfigurations = (
				630EA4601D2808AE000AA9E9 /* Debug */,
				630EA4611D2808AE000AA9E9 /* Release */,
			);
			defaultConfigurationIsVisible = 0;
			defaultConfigurationName = Release;
		};
		630EA4621D2808AE000AA9E9 /* Build configuration list for PBXNativeTarget "bookManagerTests" */ = {
			isa = XCConfigurationList;
			buildConfigurations = (
				630EA4631D2808AE000AA9E9 /* Debug */,
				630EA4641D2808AE000AA9E9 /* Release */,
			);
			defaultConfigurationIsVisible = 0;
			defaultConfigurationName = Release;
		};
		630EA4651D2808AE000AA9E9 /* Build configuration list for PBXNativeTarget "bookManagerUITests" */ = {
			isa = XCConfigurationList;
			buildConfigurations = (
				630EA4661D2808AE000AA9E9 /* Debug */,
				630EA4671D2808AE000AA9E9 /* Release */,
			);
			defaultConfigurationIsVisible = 0;
			defaultConfigurationName = Release;
		};
/* End XCConfigurationList section */
	};
	rootObject = 630EA42A1D2808AE000AA9E9 /* Project object */;
}
